// !$*UTF8*$!
{
	archiveVersion = 1;
	classes = {
	};
	objectVersion = 46;
	objects = {

/* Begin PBXBuildFile section */
		A113ABFC203BE01B006E99F1 /* AddChallengeController.swift in Sources */ = {isa = PBXBuildFile; fileRef = A113ABFB203BE01B006E99F1 /* AddChallengeController.swift */; };
		A113AC00203BE1E9006E99F1 /* OtherController.swift in Sources */ = {isa = PBXBuildFile; fileRef = A113ABFF203BE1E9006E99F1 /* OtherController.swift */; };
		A119611120E8EC510022E965 /* ChallengeRequestController.swift in Sources */ = {isa = PBXBuildFile; fileRef = A119611020E8EC510022E965 /* ChallengeRequestController.swift */; };
		A119611720E8EC5D0022E965 /* ChallengeRequestCellView.swift in Sources */ = {isa = PBXBuildFile; fileRef = A119611620E8EC5D0022E965 /* ChallengeRequestCellView.swift */; };
		A119611920E8F1070022E965 /* challenge_request.json in Resources */ = {isa = PBXBuildFile; fileRef = A119611820E8F1070022E965 /* challenge_request.json */; };
		A119611B20E8F1900022E965 /* ChallengeRequest.swift in Sources */ = {isa = PBXBuildFile; fileRef = A119611A20E8F1900022E965 /* ChallengeRequest.swift */; };
		A11C823520499DDB0061A33F /* ImageService.swift in Sources */ = {isa = PBXBuildFile; fileRef = A11C823420499DDB0061A33F /* ImageService.swift */; };
		A11EFC822142D2D100FCD93D /* ChallengeResultApproveController.swift in Sources */ = {isa = PBXBuildFile; fileRef = A11EFC812142D2D100FCD93D /* ChallengeResultApproveController.swift */; };
		A1235D3E20870C3A0028738E /* Prove.swift in Sources */ = {isa = PBXBuildFile; fileRef = A1235D3D20870C3A0028738E /* Prove.swift */; };
		A1250F8E21653306003911F5 /* termsofuse.html in Resources */ = {isa = PBXBuildFile; fileRef = A1250F8D21653306003911F5 /* termsofuse.html */; };
		A1274108200F38E60073BFF2 /* FacebookController.swift in Sources */ = {isa = PBXBuildFile; fileRef = A1274107200F38E60073BFF2 /* FacebookController.swift */; };
		A1289CA820A555F100CC66B0 /* UIExtension.swift in Sources */ = {isa = PBXBuildFile; fileRef = A1289CA720A555F100CC66B0 /* UIExtension.swift */; };
		A1289CAA20A5562700CC66B0 /* UINavigationControllerExtension.swift in Sources */ = {isa = PBXBuildFile; fileRef = A1289CA920A5562700CC66B0 /* UINavigationControllerExtension.swift */; };
		A1289CAC20A5564900CC66B0 /* UIViewControllerExtension.swift in Sources */ = {isa = PBXBuildFile; fileRef = A1289CAB20A5564900CC66B0 /* UIViewControllerExtension.swift */; };
		A1289CAE20A5567600CC66B0 /* UIScrollViewExtension.swift in Sources */ = {isa = PBXBuildFile; fileRef = A1289CAD20A5567600CC66B0 /* UIScrollViewExtension.swift */; };
		A1289CB020A556F500CC66B0 /* UITableViewControllerExtension.swift in Sources */ = {isa = PBXBuildFile; fileRef = A1289CAF20A556F500CC66B0 /* UITableViewControllerExtension.swift */; };
		A1289CB220A557BF00CC66B0 /* UIViewExtension.swift in Sources */ = {isa = PBXBuildFile; fileRef = A1289CB120A557BF00CC66B0 /* UIViewExtension.swift */; };
		A138F38A204D9C4F00142231 /* Post.swift in Sources */ = {isa = PBXBuildFile; fileRef = A138F389204D9C4F00142231 /* Post.swift */; };
		A138F390204D9CD100142231 /* VersusAttendance.swift in Sources */ = {isa = PBXBuildFile; fileRef = A138F38F204D9CD100142231 /* VersusAttendance.swift */; };
		A138F392204D9CFA00142231 /* JoinAttendance.swift in Sources */ = {isa = PBXBuildFile; fileRef = A138F391204D9CFA00142231 /* JoinAttendance.swift */; };
		A13C709B2043CE000076B989 /* ChallengeFeedCellView.swift in Sources */ = {isa = PBXBuildFile; fileRef = A13C709A2043CE000076B989 /* ChallengeFeedCellView.swift */; };
		A13C709D2043CE6E0076B989 /* FriendRequestCellView.swift in Sources */ = {isa = PBXBuildFile; fileRef = A13C709C2043CE6E0076B989 /* FriendRequestCellView.swift */; };
		A1462A7820432CBE00F5EF0F /* ExternalAccessory.framework in Frameworks */ = {isa = PBXBuildFile; fileRef = A1462A7720432CBE00F5EF0F /* ExternalAccessory.framework */; };
		A14A996320752F7D00B1418D /* subject.json in Resources */ = {isa = PBXBuildFile; fileRef = A14A996220752F7D00B1418D /* subject.json */; };
		A14A99692075306800B1418D /* friends.json in Resources */ = {isa = PBXBuildFile; fileRef = A14A99682075306800B1418D /* friends.json */; };
		A14A996B207530F500B1418D /* Subject.swift in Sources */ = {isa = PBXBuildFile; fileRef = A14A996A207530F500B1418D /* Subject.swift */; };
		A14A996D2075310D00B1418D /* Friends.swift in Sources */ = {isa = PBXBuildFile; fileRef = A14A996C2075310D00B1418D /* Friends.swift */; };
		A14BDFED204E5E780095875F /* AddChallengeView.swift in Sources */ = {isa = PBXBuildFile; fileRef = A14BDFEC204E5E780095875F /* AddChallengeView.swift */; };
		A14D75FE20752D430005B2F2 /* SelectedItems.swift in Sources */ = {isa = PBXBuildFile; fileRef = A14D75FD20752D430005B2F2 /* SelectedItems.swift */; };
		A1539A93213FBC170015F053 /* FollowerRequestController.swift in Sources */ = {isa = PBXBuildFile; fileRef = A1539A92213FBC170015F053 /* FollowerRequestController.swift */; };
		A1539AA6213FBD710015F053 /* FollowerRequestCellView.swift in Sources */ = {isa = PBXBuildFile; fileRef = A1539AA5213FBD710015F053 /* FollowerRequestCellView.swift */; };
		A15747AD21BEFC7900807DA4 /* Bots.swift in Sources */ = {isa = PBXBuildFile; fileRef = A15747AC21BEFC7900807DA4 /* Bots.swift */; };
		A159265A209ACC2900D98923 /* trend_request.json in Resources */ = {isa = PBXBuildFile; fileRef = A1592659209ACC2900D98923 /* trend_request.json */; };
		A159265C209ACCFD00D98923 /* TrendRequest.swift in Sources */ = {isa = PBXBuildFile; fileRef = A159265B209ACCFD00D98923 /* TrendRequest.swift */; };
		A159265E209ACDEC00D98923 /* TrendRequestCellView.swift in Sources */ = {isa = PBXBuildFile; fileRef = A159265D209ACDEC00D98923 /* TrendRequestCellView.swift */; };
		A15A30D4207B282D000C74A9 /* self_subject.json in Resources */ = {isa = PBXBuildFile; fileRef = A15A30D3207B282D000C74A9 /* self_subject.json */; };
		A15F875F207BBBB70035130D /* friend_request.json in Resources */ = {isa = PBXBuildFile; fileRef = A15F875E207BBBB70035130D /* friend_request.json */; };
		A15F8765207BBBF30035130D /* SuggestionFriends.swift in Sources */ = {isa = PBXBuildFile; fileRef = A15F8764207BBBF30035130D /* SuggestionFriends.swift */; };
		A16584402077A69400842F10 /* GlobalVariables.swift in Sources */ = {isa = PBXBuildFile; fileRef = A165843F2077A69400842F10 /* GlobalVariables.swift */; };
		A16A7DC4210E45650078FBA3 /* InstagramLoginVC.swift in Sources */ = {isa = PBXBuildFile; fileRef = A16A7DC3210E45650078FBA3 /* InstagramLoginVC.swift */; };
		A16A7DCA210E57570078FBA3 /* InstaUser.swift in Sources */ = {isa = PBXBuildFile; fileRef = A16A7DC9210E57570078FBA3 /* InstaUser.swift */; };
		A1715F3B20B047A4003E7AFF /* followers.json in Resources */ = {isa = PBXBuildFile; fileRef = A1715F3A20B047A4003E7AFF /* followers.json */; };
		A1715F4120B0481A003E7AFF /* Followers.swift in Sources */ = {isa = PBXBuildFile; fileRef = A1715F4020B0481A003E7AFF /* Followers.swift */; };
		A1715F4320B04997003E7AFF /* FollowCellView.swift in Sources */ = {isa = PBXBuildFile; fileRef = A1715F4220B04997003E7AFF /* FollowCellView.swift */; };
		A1715F4520B050D1003E7AFF /* following.json in Resources */ = {isa = PBXBuildFile; fileRef = A1715F4420B050D1003E7AFF /* following.json */; };
		A1715F4720B050DD003E7AFF /* Following.swift in Sources */ = {isa = PBXBuildFile; fileRef = A1715F4620B050DD003E7AFF /* Following.swift */; };
		A17162C1209C420900061399 /* ActivityCell.swift in Sources */ = {isa = PBXBuildFile; fileRef = A17162C0209C420900061399 /* ActivityCell.swift */; };
		A17162C3209C424D00061399 /* activities.json in Resources */ = {isa = PBXBuildFile; fileRef = A17162C2209C424D00061399 /* activities.json */; };
		A17162C5209C42DC00061399 /* Activities.swift in Sources */ = {isa = PBXBuildFile; fileRef = A17162C4209C42DC00061399 /* Activities.swift */; };
		A1766C892108CC35000AB4E0 /* Attendance.swift in Sources */ = {isa = PBXBuildFile; fileRef = A1766C882108CC35000AB4E0 /* Attendance.swift */; };
		A17DA77F206A9944005BCC2C /* SelectionTableViewController.swift in Sources */ = {isa = PBXBuildFile; fileRef = A17DA77E206A9944005BCC2C /* SelectionTableViewController.swift */; };
		A187996320AB7A86009FA6B6 /* trend_request_1.json in Resources */ = {isa = PBXBuildFile; fileRef = A187996220AB7A86009FA6B6 /* trend_request_1.json */; };
		A187C98B2107831C00C6A0D4 /* Support.swift in Sources */ = {isa = PBXBuildFile; fileRef = A187C98A2107831C00C6A0D4 /* Support.swift */; };
		A18BE7CB210F697400306540 /* ForwardChange.swift in Sources */ = {isa = PBXBuildFile; fileRef = A18BE7CA210F697400306540 /* ForwardChange.swift */; };
		A18BE7D1210F742700306540 /* LoadingOverlay.swift in Sources */ = {isa = PBXBuildFile; fileRef = A18BE7D0210F742700306540 /* LoadingOverlay.swift */; };
		A18BE7D321101E7B00306540 /* Util.swift in Sources */ = {isa = PBXBuildFile; fileRef = A18BE7D221101E7B00306540 /* Util.swift */; };
		A18D947A20E0AB9000FA1679 /* ProofTableViewController.swift in Sources */ = {isa = PBXBuildFile; fileRef = A18D947920E0AB9000FA1679 /* ProofTableViewController.swift */; };
		A18D948020E0AE2E00FA1679 /* ProofCellView.swift in Sources */ = {isa = PBXBuildFile; fileRef = A18D947F20E0AE2E00FA1679 /* ProofCellView.swift */; };
		A18E46982118B619003A670A /* SplashScreenController.swift in Sources */ = {isa = PBXBuildFile; fileRef = A18E46922118B619003A670A /* SplashScreenController.swift */; };
		A19A31F6207D1ACD00DDC98C /* comments.json in Resources */ = {isa = PBXBuildFile; fileRef = A19A31F5207D1ACD00DDC98C /* comments.json */; };
		A19BBDFC206A07D700EC7B11 /* TableViewCellView.swift in Sources */ = {isa = PBXBuildFile; fileRef = A19BBDFB206A07D700EC7B11 /* TableViewCellView.swift */; };
		A1AB96C920ADD4E50059AC79 /* getTrendChallenges.json in Resources */ = {isa = PBXBuildFile; fileRef = A1AB96C820ADD4E50059AC79 /* getTrendChallenges.json */; };
		A1ACBF8F20A746650019D6C5 /* UpdateProgressController.swift in Sources */ = {isa = PBXBuildFile; fileRef = A1ACBF8E20A746650019D6C5 /* UpdateProgressController.swift */; };
		A1B27B04209A2F8D00263E48 /* ActivitiesController.swift in Sources */ = {isa = PBXBuildFile; fileRef = A1B27B03209A2F8D00263E48 /* ActivitiesController.swift */; };
		A1C13416207F212700C6A435 /* TrendsController.swift in Sources */ = {isa = PBXBuildFile; fileRef = A1C13415207F212700C6A435 /* TrendsController.swift */; };
		A1C5160521C140530012E46A /* CCBottomRefreshControl.framework in Frameworks */ = {isa = PBXBuildFile; fileRef = A1539AA4213FBC170015F053 /* CCBottomRefreshControl.framework */; };
		A1C5160621C140760012E46A /* PINRemoteImage.framework in Frameworks */ = {isa = PBXBuildFile; fileRef = A19536F4212365A000EA3449 /* PINRemoteImage.framework */; };
		A1C5160721C140AD0012E46A /* Alamofire.framework in Frameworks */ = {isa = PBXBuildFile; fileRef = A1DD4E732115CB4F00772C51 /* Alamofire.framework */; };
		A1C5160821C140AD0012E46A /* Bolts.framework in Frameworks */ = {isa = PBXBuildFile; fileRef = A1A06ABC2105224600F95875 /* Bolts.framework */; };
		A1C5160921C140AD0012E46A /* FBSDKCoreKit.framework in Frameworks */ = {isa = PBXBuildFile; fileRef = A1A06ABE2105224600F95875 /* FBSDKCoreKit.framework */; };
		A1C5160A21C140AD0012E46A /* FBSDKLoginKit.framework in Frameworks */ = {isa = PBXBuildFile; fileRef = A1A06AC02105224600F95875 /* FBSDKLoginKit.framework */; };
		A1C5160B21C140AD0012E46A /* FLAnimatedImage.framework in Frameworks */ = {isa = PBXBuildFile; fileRef = A19536F0212365A000EA3449 /* FLAnimatedImage.framework */; };
		A1C5160C21C140AD0012E46A /* GoogleToolboxForMac.framework in Frameworks */ = {isa = PBXBuildFile; fileRef = A103B436214BE09B006A582C /* GoogleToolboxForMac.framework */; };
		A1C5160D21C140AD0012E46A /* GTMOAuth2.framework in Frameworks */ = {isa = PBXBuildFile; fileRef = A103B438214BE09B006A582C /* GTMOAuth2.framework */; };
		A1C5160E21C140AD0012E46A /* GTMSessionFetcher.framework in Frameworks */ = {isa = PBXBuildFile; fileRef = A103B43A214BE09B006A582C /* GTMSessionFetcher.framework */; };
		A1C5160F21C140AD0012E46A /* PINCache.framework in Frameworks */ = {isa = PBXBuildFile; fileRef = A19536F2212365A000EA3449 /* PINCache.framework */; };
		A1C5161021C140AD0012E46A /* PryntTrimmerView.framework in Frameworks */ = {isa = PBXBuildFile; fileRef = A19536F6212365A000EA3449 /* PryntTrimmerView.framework */; };
		A1C5161121C140AD0012E46A /* RxCocoa.framework in Frameworks */ = {isa = PBXBuildFile; fileRef = A189B6C12124609B00F4B879 /* RxCocoa.framework */; };
		A1C5161221C140AD0012E46A /* RxGesture.framework in Frameworks */ = {isa = PBXBuildFile; fileRef = A189B6C32124609B00F4B879 /* RxGesture.framework */; };
		A1C5161321C140AD0012E46A /* RxSwift.framework in Frameworks */ = {isa = PBXBuildFile; fileRef = A189B6C52124609B00F4B879 /* RxSwift.framework */; };
		A1C5161421C140AD0012E46A /* Siren.framework in Frameworks */ = {isa = PBXBuildFile; fileRef = A1309119219A02B60088E463 /* Siren.framework */; };
		A1C5161521C140AD0012E46A /* Stevia.framework in Frameworks */ = {isa = PBXBuildFile; fileRef = A19536F8212365A000EA3449 /* Stevia.framework */; };
		A1C5161621C140AD0012E46A /* YPImagePicker.framework in Frameworks */ = {isa = PBXBuildFile; fileRef = A19536FA212365A000EA3449 /* YPImagePicker.framework */; };
		A1C8D31420B7EE440018B781 /* ServiceLocator.swift in Sources */ = {isa = PBXBuildFile; fileRef = A1C8D31320B7EE440018B781 /* ServiceLocator.swift */; };
		A1C8D31620B832800018B781 /* getChallenges1.json in Resources */ = {isa = PBXBuildFile; fileRef = A1C8D31520B832800018B781 /* getChallenges1.json */; };
		A1D2CAB720451C9F008782D3 /* OtherViewCellView.swift in Sources */ = {isa = PBXBuildFile; fileRef = A1D2CAB620451C9F008782D3 /* OtherViewCellView.swift */; };
		A1DA5F0220DFA44D00044E1E /* Media.swift in Sources */ = {isa = PBXBuildFile; fileRef = A1DA5F0120DFA44D00044E1E /* Media.swift */; };
		A1DA9CAB20A95236009200E3 /* AddChallenge.swift in Sources */ = {isa = PBXBuildFile; fileRef = A1DA9CAA20A95236009200E3 /* AddChallenge.swift */; };
		A1DC3414207E2A1800F21232 /* Comments.swift in Sources */ = {isa = PBXBuildFile; fileRef = A1DC3413207E2A1800F21232 /* Comments.swift */; };
		A1DC3416207E2D9800F21232 /* CommentCellView.swift in Sources */ = {isa = PBXBuildFile; fileRef = A1DC3415207E2D9800F21232 /* CommentCellView.swift */; };
		A1DC3418207E402300F21232 /* ProfileCellView.swift in Sources */ = {isa = PBXBuildFile; fileRef = A1DC3417207E402300F21232 /* ProfileCellView.swift */; };
		A1DD4E752115E01000772C51 /* VideoService.swift in Sources */ = {isa = PBXBuildFile; fileRef = A1DD4E742115E01000772C51 /* VideoService.swift */; };
		A1DF0B71207C7A3600C34286 /* CommentTableViewController.swift in Sources */ = {isa = PBXBuildFile; fileRef = A1DF0B70207C7A3600C34286 /* CommentTableViewController.swift */; };
		A1E45A3E2074996800FD58E6 /* getOwnChallenges.json in Resources */ = {isa = PBXBuildFile; fileRef = A1E45A3D2074996800FD58E6 /* getOwnChallenges.json */; };
		A1F9A96C219F6FBF0047993E /* CoreTelephony.framework in Frameworks */ = {isa = PBXBuildFile; fileRef = A1F9A958219F6FBF0047993E /* CoreTelephony.framework */; };
		A1FA9B9C211B473600ED741A /* ConnectionProblemController.swift in Sources */ = {isa = PBXBuildFile; fileRef = A1FA9B9B211B473600ED741A /* ConnectionProblemController.swift */; };
		A1FA9BA6211B48E200ED741A /* Reachability.swift in Sources */ = {isa = PBXBuildFile; fileRef = A1FA9BA5211B48E200ED741A /* Reachability.swift */; };
		C780A7B21C88C582007023FD /* single_post.json in Resources */ = {isa = PBXBuildFile; fileRef = C780A7B11C88C582007023FD /* single_post.json */; };
		C780A7B41C88CEFB007023FD /* getChallenges.json in Resources */ = {isa = PBXBuildFile; fileRef = C780A7B31C88CEFB007023FD /* getChallenges.json */; };
		C7A85F341C78C137007E9A00 /* AppDelegate.swift in Sources */ = {isa = PBXBuildFile; fileRef = C7A85F331C78C137007E9A00 /* AppDelegate.swift */; };
		C7A85F361C78C137007E9A00 /* ChallengesController.swift in Sources */ = {isa = PBXBuildFile; fileRef = C7A85F351C78C137007E9A00 /* ChallengesController.swift */; };
		C7A85F3B1C78C137007E9A00 /* Assets.xcassets in Resources */ = {isa = PBXBuildFile; fileRef = C7A85F3A1C78C137007E9A00 /* Assets.xcassets */; };
		C7A85F3E1C78C137007E9A00 /* LaunchScreen.storyboard in Resources */ = {isa = PBXBuildFile; fileRef = C7A85F3C1C78C137007E9A00 /* LaunchScreen.storyboard */; };
		C7D879AC1C8289DD008766AE /* CustomTabBarController.swift in Sources */ = {isa = PBXBuildFile; fileRef = C7D879AB1C8289DD008766AE /* CustomTabBarController.swift */; };
		C7D879AE1C828B36008766AE /* FollowRequestController.swift in Sources */ = {isa = PBXBuildFile; fileRef = C7D879AD1C828B36008766AE /* FollowRequestController.swift */; };
		E718FF58D1FB7658EB84EA0A /* Pods_facebookfeed2.framework in Frameworks */ = {isa = PBXBuildFile; fileRef = 16AA53E21C61ACD361F37BB8 /* Pods_facebookfeed2.framework */; };
/* End PBXBuildFile section */

/* Begin PBXContainerItemProxy section */
		A103B435214BE09B006A582C /* PBXContainerItemProxy */ = {
			isa = PBXContainerItemProxy;
			containerPortal = A1A06AB42105224600F95875 /* Pods.xcodeproj */;
			proxyType = 2;
			remoteGlobalIDString = 5E11880A7CB42F5F5E61DD848CE9FDE1;
			remoteInfo = GoogleToolboxForMac;
		};
		A103B437214BE09B006A582C /* PBXContainerItemProxy */ = {
			isa = PBXContainerItemProxy;
			containerPortal = A1A06AB42105224600F95875 /* Pods.xcodeproj */;
			proxyType = 2;
			remoteGlobalIDString = 3B70EFA0D03FE201D39CB1F7C333FDF4;
			remoteInfo = GTMOAuth2;
		};
		A103B439214BE09B006A582C /* PBXContainerItemProxy */ = {
			isa = PBXContainerItemProxy;
			containerPortal = A1A06AB42105224600F95875 /* Pods.xcodeproj */;
			proxyType = 2;
			remoteGlobalIDString = 9156C62B20BA46C93C40F31487571853;
			remoteInfo = GTMSessionFetcher;
		};
		A1309118219A02B60088E463 /* PBXContainerItemProxy */ = {
			isa = PBXContainerItemProxy;
			containerPortal = A1A06AB42105224600F95875 /* Pods.xcodeproj */;
			proxyType = 2;
			remoteGlobalIDString = 7975669ED78B4D751AF58A7F8E174E72;
			remoteInfo = Siren;
		};
		A1539AA3213FBC170015F053 /* PBXContainerItemProxy */ = {
			isa = PBXContainerItemProxy;
			containerPortal = A1A06AB42105224600F95875 /* Pods.xcodeproj */;
			proxyType = 2;
			remoteGlobalIDString = EECEDFBF259794D13F555769F4440339;
			remoteInfo = CCBottomRefreshControl;
		};
		A189B6C02124609B00F4B879 /* PBXContainerItemProxy */ = {
			isa = PBXContainerItemProxy;
			containerPortal = A1A06AB42105224600F95875 /* Pods.xcodeproj */;
			proxyType = 2;
			remoteGlobalIDString = 27CBBC3E648FED916D1721ACC26C88C4;
			remoteInfo = RxCocoa;
		};
		A189B6C22124609B00F4B879 /* PBXContainerItemProxy */ = {
			isa = PBXContainerItemProxy;
			containerPortal = A1A06AB42105224600F95875 /* Pods.xcodeproj */;
			proxyType = 2;
			remoteGlobalIDString = F293684AC4D2848EE33C4AACCA300E9B;
			remoteInfo = RxGesture;
		};
		A189B6C42124609B00F4B879 /* PBXContainerItemProxy */ = {
			isa = PBXContainerItemProxy;
			containerPortal = A1A06AB42105224600F95875 /* Pods.xcodeproj */;
			proxyType = 2;
			remoteGlobalIDString = C17133A35A06028715CE7034D70ADA78;
			remoteInfo = RxSwift;
		};
		A19536EF212365A000EA3449 /* PBXContainerItemProxy */ = {
			isa = PBXContainerItemProxy;
			containerPortal = A1A06AB42105224600F95875 /* Pods.xcodeproj */;
			proxyType = 2;
			remoteGlobalIDString = 4560A88AA7442B4DF2523577B50BE770;
			remoteInfo = FLAnimatedImage;
		};
		A19536F1212365A000EA3449 /* PBXContainerItemProxy */ = {
			isa = PBXContainerItemProxy;
			containerPortal = A1A06AB42105224600F95875 /* Pods.xcodeproj */;
			proxyType = 2;
			remoteGlobalIDString = 2C380AEA7E71D544740D25068F8D524E;
			remoteInfo = PINCache;
		};
		A19536F3212365A000EA3449 /* PBXContainerItemProxy */ = {
			isa = PBXContainerItemProxy;
			containerPortal = A1A06AB42105224600F95875 /* Pods.xcodeproj */;
			proxyType = 2;
			remoteGlobalIDString = AA3F49286A80AA2EA746F75C07E90788;
			remoteInfo = PINRemoteImage;
		};
		A19536F5212365A000EA3449 /* PBXContainerItemProxy */ = {
			isa = PBXContainerItemProxy;
			containerPortal = A1A06AB42105224600F95875 /* Pods.xcodeproj */;
			proxyType = 2;
			remoteGlobalIDString = E9D16D5899E2E619E29A75265629F2E1;
			remoteInfo = PryntTrimmerView;
		};
		A19536F7212365A000EA3449 /* PBXContainerItemProxy */ = {
			isa = PBXContainerItemProxy;
			containerPortal = A1A06AB42105224600F95875 /* Pods.xcodeproj */;
			proxyType = 2;
			remoteGlobalIDString = FC97F099917C5ACF66B273F919B2306D;
			remoteInfo = SteviaLayout;
		};
		A19536F9212365A000EA3449 /* PBXContainerItemProxy */ = {
			isa = PBXContainerItemProxy;
			containerPortal = A1A06AB42105224600F95875 /* Pods.xcodeproj */;
			proxyType = 2;
			remoteGlobalIDString = 060EC2127B99BFD3BBFBDEEDF346D974;
			remoteInfo = YPImagePicker;
		};
		A1A06ABB2105224600F95875 /* PBXContainerItemProxy */ = {
			isa = PBXContainerItemProxy;
			containerPortal = A1A06AB42105224600F95875 /* Pods.xcodeproj */;
			proxyType = 2;
			remoteGlobalIDString = 4AFDD19702BF374993776E75F84A3DA1;
			remoteInfo = Bolts;
		};
		A1A06ABD2105224600F95875 /* PBXContainerItemProxy */ = {
			isa = PBXContainerItemProxy;
			containerPortal = A1A06AB42105224600F95875 /* Pods.xcodeproj */;
			proxyType = 2;
			remoteGlobalIDString = A0150E42757C1D6477379CEC1D4BBB8F;
			remoteInfo = FBSDKCoreKit;
		};
		A1A06ABF2105224600F95875 /* PBXContainerItemProxy */ = {
			isa = PBXContainerItemProxy;
			containerPortal = A1A06AB42105224600F95875 /* Pods.xcodeproj */;
			proxyType = 2;
			remoteGlobalIDString = F32B04E7D33981F276118E430A114C3A;
			remoteInfo = FBSDKLoginKit;
		};
		A1A06AC12105224600F95875 /* PBXContainerItemProxy */ = {
			isa = PBXContainerItemProxy;
			containerPortal = A1A06AB42105224600F95875 /* Pods.xcodeproj */;
			proxyType = 2;
			remoteGlobalIDString = B9655830B43B1AF798C0C24D966EDC49;
			remoteInfo = "Pods-facebookfeed2";
		};
		A1DD4E722115CB4F00772C51 /* PBXContainerItemProxy */ = {
			isa = PBXContainerItemProxy;
			containerPortal = A1A06AB42105224600F95875 /* Pods.xcodeproj */;
			proxyType = 2;
			remoteGlobalIDString = 292858F24BB5D992D1B9279E632D3FA7;
			remoteInfo = Alamofire;
		};
/* End PBXContainerItemProxy section */

/* Begin PBXFileReference section */
		16AA53E21C61ACD361F37BB8 /* Pods_facebookfeed2.framework */ = {isa = PBXFileReference; explicitFileType = wrapper.framework; includeInIndex = 0; path = Pods_facebookfeed2.framework; sourceTree = BUILT_PRODUCTS_DIR; };
		1B11AF50163FFC2CDCA1323B /* Pods-facebookfeed2.debug.xcconfig */ = {isa = PBXFileReference; includeInIndex = 1; lastKnownFileType = text.xcconfig; name = "Pods-facebookfeed2.debug.xcconfig"; path = "Pods/Target Support Files/Pods-facebookfeed2/Pods-facebookfeed2.debug.xcconfig"; sourceTree = "<group>"; };
		A113ABFB203BE01B006E99F1 /* AddChallengeController.swift */ = {isa = PBXFileReference; lastKnownFileType = sourcecode.swift; path = AddChallengeController.swift; sourceTree = "<group>"; };
		A113ABFF203BE1E9006E99F1 /* OtherController.swift */ = {isa = PBXFileReference; lastKnownFileType = sourcecode.swift; path = OtherController.swift; sourceTree = "<group>"; };
		A119611020E8EC510022E965 /* ChallengeRequestController.swift */ = {isa = PBXFileReference; fileEncoding = 4; lastKnownFileType = sourcecode.swift; path = ChallengeRequestController.swift; sourceTree = "<group>"; };
		A119611620E8EC5D0022E965 /* ChallengeRequestCellView.swift */ = {isa = PBXFileReference; fileEncoding = 4; lastKnownFileType = sourcecode.swift; path = ChallengeRequestCellView.swift; sourceTree = "<group>"; };
		A119611820E8F1070022E965 /* challenge_request.json */ = {isa = PBXFileReference; fileEncoding = 4; lastKnownFileType = text.json; path = challenge_request.json; sourceTree = "<group>"; };
		A119611A20E8F1900022E965 /* ChallengeRequest.swift */ = {isa = PBXFileReference; fileEncoding = 4; lastKnownFileType = sourcecode.swift; path = ChallengeRequest.swift; sourceTree = "<group>"; };
		A11C823420499DDB0061A33F /* ImageService.swift */ = {isa = PBXFileReference; lastKnownFileType = sourcecode.swift; path = ImageService.swift; sourceTree = "<group>"; };
		A11EFC812142D2D100FCD93D /* ChallengeResultApproveController.swift */ = {isa = PBXFileReference; fileEncoding = 4; lastKnownFileType = sourcecode.swift; path = ChallengeResultApproveController.swift; sourceTree = "<group>"; };
		A1235D3D20870C3A0028738E /* Prove.swift */ = {isa = PBXFileReference; fileEncoding = 4; lastKnownFileType = sourcecode.swift; path = Prove.swift; sourceTree = "<group>"; };
		A1250F8D21653306003911F5 /* termsofuse.html */ = {isa = PBXFileReference; lastKnownFileType = text.html; path = termsofuse.html; sourceTree = "<group>"; };
		A1274107200F38E60073BFF2 /* FacebookController.swift */ = {isa = PBXFileReference; lastKnownFileType = sourcecode.swift; path = FacebookController.swift; sourceTree = "<group>"; };
		A1289CA720A555F100CC66B0 /* UIExtension.swift */ = {isa = PBXFileReference; lastKnownFileType = sourcecode.swift; path = UIExtension.swift; sourceTree = "<group>"; };
		A1289CA920A5562700CC66B0 /* UINavigationControllerExtension.swift */ = {isa = PBXFileReference; fileEncoding = 4; lastKnownFileType = sourcecode.swift; path = UINavigationControllerExtension.swift; sourceTree = "<group>"; };
		A1289CAB20A5564900CC66B0 /* UIViewControllerExtension.swift */ = {isa = PBXFileReference; fileEncoding = 4; lastKnownFileType = sourcecode.swift; path = UIViewControllerExtension.swift; sourceTree = "<group>"; };
		A1289CAD20A5567600CC66B0 /* UIScrollViewExtension.swift */ = {isa = PBXFileReference; fileEncoding = 4; lastKnownFileType = sourcecode.swift; path = UIScrollViewExtension.swift; sourceTree = "<group>"; };
		A1289CAF20A556F500CC66B0 /* UITableViewControllerExtension.swift */ = {isa = PBXFileReference; fileEncoding = 4; lastKnownFileType = sourcecode.swift; path = UITableViewControllerExtension.swift; sourceTree = "<group>"; };
		A1289CB120A557BF00CC66B0 /* UIViewExtension.swift */ = {isa = PBXFileReference; fileEncoding = 4; lastKnownFileType = sourcecode.swift; path = UIViewExtension.swift; sourceTree = "<group>"; };
		A138F389204D9C4F00142231 /* Post.swift */ = {isa = PBXFileReference; lastKnownFileType = sourcecode.swift; path = Post.swift; sourceTree = "<group>"; };
		A138F38F204D9CD100142231 /* VersusAttendance.swift */ = {isa = PBXFileReference; lastKnownFileType = sourcecode.swift; path = VersusAttendance.swift; sourceTree = "<group>"; };
		A138F391204D9CFA00142231 /* JoinAttendance.swift */ = {isa = PBXFileReference; lastKnownFileType = sourcecode.swift; path = JoinAttendance.swift; sourceTree = "<group>"; };
		A13C709A2043CE000076B989 /* ChallengeFeedCellView.swift */ = {isa = PBXFileReference; lastKnownFileType = sourcecode.swift; path = ChallengeFeedCellView.swift; sourceTree = "<group>"; };
		A13C709C2043CE6E0076B989 /* FriendRequestCellView.swift */ = {isa = PBXFileReference; lastKnownFileType = sourcecode.swift; path = FriendRequestCellView.swift; sourceTree = "<group>"; };
		A1462A7720432CBE00F5EF0F /* ExternalAccessory.framework */ = {isa = PBXFileReference; lastKnownFileType = wrapper.framework; name = ExternalAccessory.framework; path = System/Library/Frameworks/ExternalAccessory.framework; sourceTree = SDKROOT; };
		A14A996220752F7D00B1418D /* subject.json */ = {isa = PBXFileReference; fileEncoding = 4; lastKnownFileType = text.json; path = subject.json; sourceTree = "<group>"; };
		A14A99682075306800B1418D /* friends.json */ = {isa = PBXFileReference; fileEncoding = 4; lastKnownFileType = text.json; path = friends.json; sourceTree = "<group>"; };
		A14A996A207530F500B1418D /* Subject.swift */ = {isa = PBXFileReference; fileEncoding = 4; lastKnownFileType = sourcecode.swift; path = Subject.swift; sourceTree = "<group>"; };
		A14A996C2075310D00B1418D /* Friends.swift */ = {isa = PBXFileReference; fileEncoding = 4; lastKnownFileType = sourcecode.swift; path = Friends.swift; sourceTree = "<group>"; };
		A14BDFEC204E5E780095875F /* AddChallengeView.swift */ = {isa = PBXFileReference; lastKnownFileType = sourcecode.swift; path = AddChallengeView.swift; sourceTree = "<group>"; };
		A14D75FD20752D430005B2F2 /* SelectedItems.swift */ = {isa = PBXFileReference; lastKnownFileType = sourcecode.swift; path = SelectedItems.swift; sourceTree = "<group>"; };
		A1539A92213FBC170015F053 /* FollowerRequestController.swift */ = {isa = PBXFileReference; fileEncoding = 4; lastKnownFileType = sourcecode.swift; path = FollowerRequestController.swift; sourceTree = "<group>"; };
		A1539AA5213FBD710015F053 /* FollowerRequestCellView.swift */ = {isa = PBXFileReference; fileEncoding = 4; lastKnownFileType = sourcecode.swift; path = FollowerRequestCellView.swift; sourceTree = "<group>"; };
		A15747AC21BEFC7900807DA4 /* Bots.swift */ = {isa = PBXFileReference; fileEncoding = 4; lastKnownFileType = sourcecode.swift; path = Bots.swift; sourceTree = "<group>"; };
		A1592659209ACC2900D98923 /* trend_request.json */ = {isa = PBXFileReference; fileEncoding = 4; lastKnownFileType = text.json; path = trend_request.json; sourceTree = "<group>"; };
		A159265B209ACCFD00D98923 /* TrendRequest.swift */ = {isa = PBXFileReference; fileEncoding = 4; lastKnownFileType = sourcecode.swift; path = TrendRequest.swift; sourceTree = "<group>"; };
		A159265D209ACDEC00D98923 /* TrendRequestCellView.swift */ = {isa = PBXFileReference; fileEncoding = 4; lastKnownFileType = sourcecode.swift; path = TrendRequestCellView.swift; sourceTree = "<group>"; };
		A15A30D3207B282D000C74A9 /* self_subject.json */ = {isa = PBXFileReference; fileEncoding = 4; lastKnownFileType = text.json; path = self_subject.json; sourceTree = "<group>"; };
		A15F875E207BBBB70035130D /* friend_request.json */ = {isa = PBXFileReference; fileEncoding = 4; lastKnownFileType = text.json; path = friend_request.json; sourceTree = "<group>"; };
		A15F8764207BBBF30035130D /* SuggestionFriends.swift */ = {isa = PBXFileReference; fileEncoding = 4; lastKnownFileType = sourcecode.swift; path = SuggestionFriends.swift; sourceTree = "<group>"; };
		A165843F2077A69400842F10 /* GlobalVariables.swift */ = {isa = PBXFileReference; lastKnownFileType = sourcecode.swift; path = GlobalVariables.swift; sourceTree = "<group>"; };
		A16A7DC3210E45650078FBA3 /* InstagramLoginVC.swift */ = {isa = PBXFileReference; lastKnownFileType = sourcecode.swift; path = InstagramLoginVC.swift; sourceTree = "<group>"; };
		A16A7DC9210E57570078FBA3 /* InstaUser.swift */ = {isa = PBXFileReference; lastKnownFileType = sourcecode.swift; path = InstaUser.swift; sourceTree = "<group>"; };
		A1715F3A20B047A4003E7AFF /* followers.json */ = {isa = PBXFileReference; fileEncoding = 4; lastKnownFileType = text.json; path = followers.json; sourceTree = "<group>"; };
		A1715F4020B0481A003E7AFF /* Followers.swift */ = {isa = PBXFileReference; fileEncoding = 4; lastKnownFileType = sourcecode.swift; path = Followers.swift; sourceTree = "<group>"; };
		A1715F4220B04997003E7AFF /* FollowCellView.swift */ = {isa = PBXFileReference; fileEncoding = 4; lastKnownFileType = sourcecode.swift; path = FollowCellView.swift; sourceTree = "<group>"; };
		A1715F4420B050D1003E7AFF /* following.json */ = {isa = PBXFileReference; fileEncoding = 4; lastKnownFileType = text.json; path = following.json; sourceTree = "<group>"; };
		A1715F4620B050DD003E7AFF /* Following.swift */ = {isa = PBXFileReference; fileEncoding = 4; lastKnownFileType = sourcecode.swift; path = Following.swift; sourceTree = "<group>"; };
		A17162C0209C420900061399 /* ActivityCell.swift */ = {isa = PBXFileReference; fileEncoding = 4; lastKnownFileType = sourcecode.swift; path = ActivityCell.swift; sourceTree = "<group>"; };
		A17162C2209C424D00061399 /* activities.json */ = {isa = PBXFileReference; fileEncoding = 4; lastKnownFileType = text.json; path = activities.json; sourceTree = "<group>"; };
		A17162C4209C42DC00061399 /* Activities.swift */ = {isa = PBXFileReference; fileEncoding = 4; lastKnownFileType = sourcecode.swift; path = Activities.swift; sourceTree = "<group>"; };
		A1766C882108CC35000AB4E0 /* Attendance.swift */ = {isa = PBXFileReference; fileEncoding = 4; lastKnownFileType = sourcecode.swift; path = Attendance.swift; sourceTree = "<group>"; };
		A17DA77E206A9944005BCC2C /* SelectionTableViewController.swift */ = {isa = PBXFileReference; lastKnownFileType = sourcecode.swift; path = SelectionTableViewController.swift; sourceTree = "<group>"; };
		A187996220AB7A86009FA6B6 /* trend_request_1.json */ = {isa = PBXFileReference; fileEncoding = 4; lastKnownFileType = text.json; path = trend_request_1.json; sourceTree = "<group>"; };
		A187C98A2107831C00C6A0D4 /* Support.swift */ = {isa = PBXFileReference; fileEncoding = 4; lastKnownFileType = sourcecode.swift; path = Support.swift; sourceTree = "<group>"; };
		A18BE7CA210F697400306540 /* ForwardChange.swift */ = {isa = PBXFileReference; lastKnownFileType = sourcecode.swift; path = ForwardChange.swift; sourceTree = "<group>"; };
		A18BE7D0210F742700306540 /* LoadingOverlay.swift */ = {isa = PBXFileReference; lastKnownFileType = sourcecode.swift; path = LoadingOverlay.swift; sourceTree = "<group>"; };
		A18BE7D221101E7B00306540 /* Util.swift */ = {isa = PBXFileReference; lastKnownFileType = sourcecode.swift; path = Util.swift; sourceTree = "<group>"; };
		A18D947920E0AB9000FA1679 /* ProofTableViewController.swift */ = {isa = PBXFileReference; fileEncoding = 4; lastKnownFileType = sourcecode.swift; path = ProofTableViewController.swift; sourceTree = "<group>"; };
		A18D947F20E0AE2E00FA1679 /* ProofCellView.swift */ = {isa = PBXFileReference; fileEncoding = 4; lastKnownFileType = sourcecode.swift; path = ProofCellView.swift; sourceTree = "<group>"; };
		A18E46922118B619003A670A /* SplashScreenController.swift */ = {isa = PBXFileReference; fileEncoding = 4; lastKnownFileType = sourcecode.swift; path = SplashScreenController.swift; sourceTree = "<group>"; };
		A19A31F5207D1ACD00DDC98C /* comments.json */ = {isa = PBXFileReference; fileEncoding = 4; lastKnownFileType = text.json; path = comments.json; sourceTree = "<group>"; };
		A19BBDFB206A07D700EC7B11 /* TableViewCellView.swift */ = {isa = PBXFileReference; lastKnownFileType = sourcecode.swift; path = TableViewCellView.swift; sourceTree = "<group>"; };
		A1A06AB42105224600F95875 /* Pods.xcodeproj */ = {isa = PBXFileReference; lastKnownFileType = "wrapper.pb-project"; name = Pods.xcodeproj; path = Pods/Pods.xcodeproj; sourceTree = "<group>"; };
		A1AB96C820ADD4E50059AC79 /* getTrendChallenges.json */ = {isa = PBXFileReference; fileEncoding = 4; lastKnownFileType = text.json; path = getTrendChallenges.json; sourceTree = "<group>"; };
		A1ACBF8E20A746650019D6C5 /* UpdateProgressController.swift */ = {isa = PBXFileReference; fileEncoding = 4; lastKnownFileType = sourcecode.swift; path = UpdateProgressController.swift; sourceTree = "<group>"; };
		A1B27B03209A2F8D00263E48 /* ActivitiesController.swift */ = {isa = PBXFileReference; fileEncoding = 4; lastKnownFileType = sourcecode.swift; path = ActivitiesController.swift; sourceTree = "<group>"; };
		A1C13415207F212700C6A435 /* TrendsController.swift */ = {isa = PBXFileReference; fileEncoding = 4; lastKnownFileType = sourcecode.swift; path = TrendsController.swift; sourceTree = "<group>"; };
		A1C8D31320B7EE440018B781 /* ServiceLocator.swift */ = {isa = PBXFileReference; fileEncoding = 4; lastKnownFileType = sourcecode.swift; path = ServiceLocator.swift; sourceTree = "<group>"; };
		A1C8D31520B832800018B781 /* getChallenges1.json */ = {isa = PBXFileReference; fileEncoding = 4; lastKnownFileType = text.json; path = getChallenges1.json; sourceTree = "<group>"; };
		A1D2CAB620451C9F008782D3 /* OtherViewCellView.swift */ = {isa = PBXFileReference; lastKnownFileType = sourcecode.swift; path = OtherViewCellView.swift; sourceTree = "<group>"; };
		A1DA5F0120DFA44D00044E1E /* Media.swift */ = {isa = PBXFileReference; fileEncoding = 4; lastKnownFileType = sourcecode.swift; path = Media.swift; sourceTree = "<group>"; };
		A1DA9CAA20A95236009200E3 /* AddChallenge.swift */ = {isa = PBXFileReference; fileEncoding = 4; lastKnownFileType = sourcecode.swift; path = AddChallenge.swift; sourceTree = "<group>"; };
		A1DC3413207E2A1800F21232 /* Comments.swift */ = {isa = PBXFileReference; fileEncoding = 4; lastKnownFileType = sourcecode.swift; path = Comments.swift; sourceTree = "<group>"; };
		A1DC3415207E2D9800F21232 /* CommentCellView.swift */ = {isa = PBXFileReference; fileEncoding = 4; lastKnownFileType = sourcecode.swift; path = CommentCellView.swift; sourceTree = "<group>"; };
		A1DC3417207E402300F21232 /* ProfileCellView.swift */ = {isa = PBXFileReference; fileEncoding = 4; lastKnownFileType = sourcecode.swift; path = ProfileCellView.swift; sourceTree = "<group>"; };
		A1DD4E742115E01000772C51 /* VideoService.swift */ = {isa = PBXFileReference; fileEncoding = 4; lastKnownFileType = sourcecode.swift; path = VideoService.swift; sourceTree = "<group>"; };
		A1DF0B70207C7A3600C34286 /* CommentTableViewController.swift */ = {isa = PBXFileReference; fileEncoding = 4; lastKnownFileType = sourcecode.swift; path = CommentTableViewController.swift; sourceTree = "<group>"; };
		A1E45A3D2074996800FD58E6 /* getOwnChallenges.json */ = {isa = PBXFileReference; fileEncoding = 4; lastKnownFileType = text.json; path = getOwnChallenges.json; sourceTree = "<group>"; };
		A1ED4B1020404BAE00422544 /* facebookfeed2.entitlements */ = {isa = PBXFileReference; lastKnownFileType = text.plist.entitlements; name = facebookfeed2.entitlements; path = facebookfeed2/facebookfeed2.entitlements; sourceTree = "<group>"; };
		A1F9A958219F6FBF0047993E /* CoreTelephony.framework */ = {isa = PBXFileReference; lastKnownFileType = wrapper.framework; name = CoreTelephony.framework; path = System/Library/Frameworks/CoreTelephony.framework; sourceTree = SDKROOT; };
		A1FA9B9B211B473600ED741A /* ConnectionProblemController.swift */ = {isa = PBXFileReference; fileEncoding = 4; lastKnownFileType = sourcecode.swift; path = ConnectionProblemController.swift; sourceTree = "<group>"; };
		A1FA9BA5211B48E200ED741A /* Reachability.swift */ = {isa = PBXFileReference; lastKnownFileType = sourcecode.swift; path = Reachability.swift; sourceTree = "<group>"; };
		BD7C5B0D0ACCAB6DD1AF9AD7 /* Pods-facebookfeed2.release.xcconfig */ = {isa = PBXFileReference; includeInIndex = 1; lastKnownFileType = text.xcconfig; name = "Pods-facebookfeed2.release.xcconfig"; path = "Pods/Target Support Files/Pods-facebookfeed2/Pods-facebookfeed2.release.xcconfig"; sourceTree = "<group>"; };
		C780A7B11C88C582007023FD /* single_post.json */ = {isa = PBXFileReference; fileEncoding = 4; lastKnownFileType = text.json; path = single_post.json; sourceTree = "<group>"; };
		C780A7B31C88CEFB007023FD /* getChallenges.json */ = {isa = PBXFileReference; fileEncoding = 4; lastKnownFileType = text.json; path = getChallenges.json; sourceTree = "<group>"; };
		C7A85F301C78C137007E9A00 /* Challenge.app */ = {isa = PBXFileReference; explicitFileType = wrapper.application; includeInIndex = 0; path = Challenge.app; sourceTree = BUILT_PRODUCTS_DIR; };
		C7A85F331C78C137007E9A00 /* AppDelegate.swift */ = {isa = PBXFileReference; lastKnownFileType = sourcecode.swift; path = AppDelegate.swift; sourceTree = "<group>"; };
		C7A85F351C78C137007E9A00 /* ChallengesController.swift */ = {isa = PBXFileReference; lastKnownFileType = sourcecode.swift; path = ChallengesController.swift; sourceTree = "<group>"; };
		C7A85F3A1C78C137007E9A00 /* Assets.xcassets */ = {isa = PBXFileReference; lastKnownFileType = folder.assetcatalog; path = Assets.xcassets; sourceTree = "<group>"; };
		C7A85F3D1C78C137007E9A00 /* Base */ = {isa = PBXFileReference; lastKnownFileType = file.storyboard; name = Base; path = Base.lproj/LaunchScreen.storyboard; sourceTree = "<group>"; };
		C7A85F3F1C78C137007E9A00 /* Info.plist */ = {isa = PBXFileReference; lastKnownFileType = text.plist.xml; path = Info.plist; sourceTree = "<group>"; };
		C7D879AB1C8289DD008766AE /* CustomTabBarController.swift */ = {isa = PBXFileReference; fileEncoding = 4; lastKnownFileType = sourcecode.swift; path = CustomTabBarController.swift; sourceTree = "<group>"; };
		C7D879AD1C828B36008766AE /* FollowRequestController.swift */ = {isa = PBXFileReference; fileEncoding = 4; lastKnownFileType = sourcecode.swift; path = FollowRequestController.swift; sourceTree = "<group>"; };
/* End PBXFileReference section */

/* Begin PBXFrameworksBuildPhase section */
		C7A85F2D1C78C137007E9A00 /* Frameworks */ = {
			isa = PBXFrameworksBuildPhase;
			buildActionMask = 2147483647;
			files = (
				A1C5160721C140AD0012E46A /* Alamofire.framework in Frameworks */,
				A1C5160821C140AD0012E46A /* Bolts.framework in Frameworks */,
				A1C5160921C140AD0012E46A /* FBSDKCoreKit.framework in Frameworks */,
				A1C5160A21C140AD0012E46A /* FBSDKLoginKit.framework in Frameworks */,
				A1C5160B21C140AD0012E46A /* FLAnimatedImage.framework in Frameworks */,
				A1C5160C21C140AD0012E46A /* GoogleToolboxForMac.framework in Frameworks */,
				A1C5160D21C140AD0012E46A /* GTMOAuth2.framework in Frameworks */,
				A1C5160E21C140AD0012E46A /* GTMSessionFetcher.framework in Frameworks */,
				A1C5160F21C140AD0012E46A /* PINCache.framework in Frameworks */,
				A1C5161021C140AD0012E46A /* PryntTrimmerView.framework in Frameworks */,
				A1C5161121C140AD0012E46A /* RxCocoa.framework in Frameworks */,
				A1C5161221C140AD0012E46A /* RxGesture.framework in Frameworks */,
				A1C5161321C140AD0012E46A /* RxSwift.framework in Frameworks */,
				A1C5161421C140AD0012E46A /* Siren.framework in Frameworks */,
				A1C5161521C140AD0012E46A /* Stevia.framework in Frameworks */,
				A1C5161621C140AD0012E46A /* YPImagePicker.framework in Frameworks */,
				A1C5160621C140760012E46A /* PINRemoteImage.framework in Frameworks */,
				A1C5160521C140530012E46A /* CCBottomRefreshControl.framework in Frameworks */,
				A1F9A96C219F6FBF0047993E /* CoreTelephony.framework in Frameworks */,
				A1462A7820432CBE00F5EF0F /* ExternalAccessory.framework in Frameworks */,
				E718FF58D1FB7658EB84EA0A /* Pods_facebookfeed2.framework in Frameworks */,
			);
			runOnlyForDeploymentPostprocessing = 0;
		};
/* End PBXFrameworksBuildPhase section */

/* Begin PBXGroup section */
		6DA0C3576BF138403AFEE3BF /* Frameworks */ = {
			isa = PBXGroup;
			children = (
				A1F9A958219F6FBF0047993E /* CoreTelephony.framework */,
				A1462A7720432CBE00F5EF0F /* ExternalAccessory.framework */,
				16AA53E21C61ACD361F37BB8 /* Pods_facebookfeed2.framework */,
			);
			name = Frameworks;
			sourceTree = "<group>";
		};
		A1289CA120A555D700CC66B0 /* Extension */ = {
			isa = PBXGroup;
			children = (
				A1289CA720A555F100CC66B0 /* UIExtension.swift */,
				A1289CB120A557BF00CC66B0 /* UIViewExtension.swift */,
				A1289CAD20A5567600CC66B0 /* UIScrollViewExtension.swift */,
				A1289CAB20A5564900CC66B0 /* UIViewControllerExtension.swift */,
				A1289CAF20A556F500CC66B0 /* UITableViewControllerExtension.swift */,
				A1289CA920A5562700CC66B0 /* UINavigationControllerExtension.swift */,
				A18BE7D0210F742700306540 /* LoadingOverlay.swift */,
				A18BE7D221101E7B00306540 /* Util.swift */,
				A1FA9BA5211B48E200ED741A /* Reachability.swift */,
			);
			path = Extension;
			sourceTree = "<group>";
		};
		A13C70962043CCE70076B989 /* Singleton */ = {
			isa = PBXGroup;
			children = (
				C7A85F331C78C137007E9A00 /* AppDelegate.swift */,
			);
			path = Singleton;
			sourceTree = "<group>";
		};
		A13C70972043CD010076B989 /* Controller */ = {
			isa = PBXGroup;
			children = (
				A16A7DC3210E45650078FBA3 /* InstagramLoginVC.swift */,
				A18E46922118B619003A670A /* SplashScreenController.swift */,
				A1FA9B9B211B473600ED741A /* ConnectionProblemController.swift */,
				A17DA77E206A9944005BCC2C /* SelectionTableViewController.swift */,
				A1DF0B70207C7A3600C34286 /* CommentTableViewController.swift */,
				A18D947920E0AB9000FA1679 /* ProofTableViewController.swift */,
				A1ACBF8E20A746650019D6C5 /* UpdateProgressController.swift */,
				C7D879AB1C8289DD008766AE /* CustomTabBarController.swift */,
				C7D879AD1C828B36008766AE /* FollowRequestController.swift */,
				A119611020E8EC510022E965 /* ChallengeRequestController.swift */,
				A11EFC812142D2D100FCD93D /* ChallengeResultApproveController.swift */,
				A1539A92213FBC170015F053 /* FollowerRequestController.swift */,
				A1C13415207F212700C6A435 /* TrendsController.swift */,
				A1B27B03209A2F8D00263E48 /* ActivitiesController.swift */,
				A1274107200F38E60073BFF2 /* FacebookController.swift */,
				A113ABFB203BE01B006E99F1 /* AddChallengeController.swift */,
				A113ABFF203BE1E9006E99F1 /* OtherController.swift */,
				C7A85F351C78C137007E9A00 /* ChallengesController.swift */,
			);
			path = Controller;
			sourceTree = "<group>";
		};
		A13C70982043CD2D0076B989 /* JsonFiles */ = {
			isa = PBXGroup;
			children = (
				C780A7B11C88C582007023FD /* single_post.json */,
				A14A996220752F7D00B1418D /* subject.json */,
				A1715F3A20B047A4003E7AFF /* followers.json */,
				A1715F4420B050D1003E7AFF /* following.json */,
				A19A31F5207D1ACD00DDC98C /* comments.json */,
				A17162C2209C424D00061399 /* activities.json */,
				A15A30D3207B282D000C74A9 /* self_subject.json */,
				A14A99682075306800B1418D /* friends.json */,
				A15F875E207BBBB70035130D /* friend_request.json */,
				A119611820E8F1070022E965 /* challenge_request.json */,
				A1592659209ACC2900D98923 /* trend_request.json */,
				A187996220AB7A86009FA6B6 /* trend_request_1.json */,
				A1E45A3D2074996800FD58E6 /* getOwnChallenges.json */,
				A1AB96C820ADD4E50059AC79 /* getTrendChallenges.json */,
				C780A7B31C88CEFB007023FD /* getChallenges.json */,
				A1C8D31520B832800018B781 /* getChallenges1.json */,
			);
			path = JsonFiles;
			sourceTree = "<group>";
		};
		A13C70992043CD440076B989 /* View */ = {
			isa = PBXGroup;
			children = (
				A13C709A2043CE000076B989 /* ChallengeFeedCellView.swift */,
				A13C709C2043CE6E0076B989 /* FriendRequestCellView.swift */,
				A119611620E8EC5D0022E965 /* ChallengeRequestCellView.swift */,
				A1539AA5213FBD710015F053 /* FollowerRequestCellView.swift */,
				A159265D209ACDEC00D98923 /* TrendRequestCellView.swift */,
				A1D2CAB620451C9F008782D3 /* OtherViewCellView.swift */,
				A1DC3415207E2D9800F21232 /* CommentCellView.swift */,
				A18D947F20E0AE2E00FA1679 /* ProofCellView.swift */,
				A1715F4220B04997003E7AFF /* FollowCellView.swift */,
				A17162C0209C420900061399 /* ActivityCell.swift */,
				A14BDFEC204E5E780095875F /* AddChallengeView.swift */,
				A19BBDFB206A07D700EC7B11 /* TableViewCellView.swift */,
				A1DC3417207E402300F21232 /* ProfileCellView.swift */,
			);
			path = View;
			sourceTree = "<group>";
		};
		A14EC3BA204B29E000F11C82 /* Model */ = {
			isa = PBXGroup;
			children = (
				A138F389204D9C4F00142231 /* Post.swift */,
				A15747AC21BEFC7900807DA4 /* Bots.swift */,
				A1DA5F0120DFA44D00044E1E /* Media.swift */,
				A14A996A207530F500B1418D /* Subject.swift */,
				A14A996C2075310D00B1418D /* Friends.swift */,
				A187C98A2107831C00C6A0D4 /* Support.swift */,
				A1766C882108CC35000AB4E0 /* Attendance.swift */,
				A119611A20E8F1900022E965 /* ChallengeRequest.swift */,
				A1DA9CAA20A95236009200E3 /* AddChallenge.swift */,
				A1DC3413207E2A1800F21232 /* Comments.swift */,
				A17162C4209C42DC00061399 /* Activities.swift */,
				A1235D3D20870C3A0028738E /* Prove.swift */,
				A15F8764207BBBF30035130D /* SuggestionFriends.swift */,
				A1715F4020B0481A003E7AFF /* Followers.swift */,
				A1715F4620B050DD003E7AFF /* Following.swift */,
				A159265B209ACCFD00D98923 /* TrendRequest.swift */,
				A138F38F204D9CD100142231 /* VersusAttendance.swift */,
				A138F391204D9CFA00142231 /* JoinAttendance.swift */,
				A14D75FD20752D430005B2F2 /* SelectedItems.swift */,
				A165843F2077A69400842F10 /* GlobalVariables.swift */,
				A16A7DC9210E57570078FBA3 /* InstaUser.swift */,
				A18BE7CA210F697400306540 /* ForwardChange.swift */,
			);
			path = Model;
			sourceTree = "<group>";
		};
		A1A06AB52105224600F95875 /* Products */ = {
			isa = PBXGroup;
			children = (
				A1DD4E732115CB4F00772C51 /* Alamofire.framework */,
				A1A06ABC2105224600F95875 /* Bolts.framework */,
				A1539AA4213FBC170015F053 /* CCBottomRefreshControl.framework */,
				A1A06ABE2105224600F95875 /* FBSDKCoreKit.framework */,
				A1A06AC02105224600F95875 /* FBSDKLoginKit.framework */,
				A19536F0212365A000EA3449 /* FLAnimatedImage.framework */,
				A103B436214BE09B006A582C /* GoogleToolboxForMac.framework */,
				A103B438214BE09B006A582C /* GTMOAuth2.framework */,
				A103B43A214BE09B006A582C /* GTMSessionFetcher.framework */,
				A19536F2212365A000EA3449 /* PINCache.framework */,
				A19536F4212365A000EA3449 /* PINRemoteImage.framework */,
				A1A06AC22105224600F95875 /* Pods_facebookfeed2.framework */,
				A19536F6212365A000EA3449 /* PryntTrimmerView.framework */,
				A189B6C12124609B00F4B879 /* RxCocoa.framework */,
				A189B6C32124609B00F4B879 /* RxGesture.framework */,
				A189B6C52124609B00F4B879 /* RxSwift.framework */,
				A1309119219A02B60088E463 /* Siren.framework */,
				A19536F8212365A000EA3449 /* Stevia.framework */,
				A19536FA212365A000EA3449 /* YPImagePicker.framework */,
			);
			name = Products;
			sourceTree = "<group>";
		};
		A1C8D30C20B7EAAA0018B781 /* Service */ = {
			isa = PBXGroup;
			children = (
				A11C823420499DDB0061A33F /* ImageService.swift */,
				A1DD4E742115E01000772C51 /* VideoService.swift */,
				A1C8D31320B7EE440018B781 /* ServiceLocator.swift */,
			);
			path = Service;
			sourceTree = "<group>";
		};
		C7A85F271C78C137007E9A00 = {
			isa = PBXGroup;
			children = (
				A1A06AB42105224600F95875 /* Pods.xcodeproj */,
				A1ED4B1020404BAE00422544 /* facebookfeed2.entitlements */,
				C7A85F321C78C137007E9A00 /* challenge */,
				C7A85F311C78C137007E9A00 /* Products */,
				6DA0C3576BF138403AFEE3BF /* Frameworks */,
				F44ABFFE97E0934EDFDC5DF9 /* Pods */,
			);
			sourceTree = "<group>";
		};
		C7A85F311C78C137007E9A00 /* Products */ = {
			isa = PBXGroup;
			children = (
				C7A85F301C78C137007E9A00 /* Challenge.app */,
			);
			name = Products;
			sourceTree = "<group>";
		};
		C7A85F321C78C137007E9A00 /* challenge */ = {
			isa = PBXGroup;
			children = (
				A1289CA120A555D700CC66B0 /* Extension */,
				A14EC3BA204B29E000F11C82 /* Model */,
				A13C70992043CD440076B989 /* View */,
				A13C70982043CD2D0076B989 /* JsonFiles */,
				A13C70972043CD010076B989 /* Controller */,
				A13C70962043CCE70076B989 /* Singleton */,
				A1C8D30C20B7EAAA0018B781 /* Service */,
				C7A85F3A1C78C137007E9A00 /* Assets.xcassets */,
				C7A85F3C1C78C137007E9A00 /* LaunchScreen.storyboard */,
				C7A85F3F1C78C137007E9A00 /* Info.plist */,
				A1250F8D21653306003911F5 /* termsofuse.html */,
			);
			name = challenge;
			path = facebookfeed2;
			sourceTree = "<group>";
		};
		F44ABFFE97E0934EDFDC5DF9 /* Pods */ = {
			isa = PBXGroup;
			children = (
				1B11AF50163FFC2CDCA1323B /* Pods-facebookfeed2.debug.xcconfig */,
				BD7C5B0D0ACCAB6DD1AF9AD7 /* Pods-facebookfeed2.release.xcconfig */,
			);
			name = Pods;
			sourceTree = "<group>";
		};
/* End PBXGroup section */

/* Begin PBXNativeTarget section */
		C7A85F2F1C78C137007E9A00 /* facebookfeed2 */ = {
			isa = PBXNativeTarget;
			buildConfigurationList = C7A85F421C78C137007E9A00 /* Build configuration list for PBXNativeTarget "facebookfeed2" */;
			buildPhases = (
				20617568AED71472819FBCEB /* [CP] Check Pods Manifest.lock */,
				C7A85F2C1C78C137007E9A00 /* Sources */,
				C7A85F2D1C78C137007E9A00 /* Frameworks */,
				C7A85F2E1C78C137007E9A00 /* Resources */,
				0551A4DED402C4E2CF4DCBB3 /* [CP] Embed Pods Frameworks */,
				E18C5707290AF335173CDFE3 /* [CP] Copy Pods Resources */,
				A1856136214EE24E008FD7B7 /* ShellScript */,
			);
			buildRules = (
			);
			dependencies = (
			);
			name = facebookfeed2;
			productName = facebookfeed2;
			productReference = C7A85F301C78C137007E9A00 /* Challenge.app */;
			productType = "com.apple.product-type.application";
		};
/* End PBXNativeTarget section */

/* Begin PBXProject section */
		C7A85F281C78C137007E9A00 /* Project object */ = {
			isa = PBXProject;
			attributes = {
				LastSwiftUpdateCheck = 0720;
				LastUpgradeCheck = 0940;
				ORGANIZATIONNAME = challenge;
				TargetAttributes = {
					C7A85F2F1C78C137007E9A00 = {
						CreatedOnToolsVersion = 7.2;
						DevelopmentTeam = BYSD94TYHS;
						LastSwiftMigration = 0940;
						ProvisioningStyle = Automatic;
						SystemCapabilities = {
							com.apple.BackgroundModes = {
								enabled = 0;
							};
							com.apple.Keychain = {
								enabled = 1;
							};
							com.apple.Push = {
								enabled = 1;
							};
							com.apple.WAC = {
								enabled = 1;
							};
						};
					};
				};
			};
			buildConfigurationList = C7A85F2B1C78C137007E9A00 /* Build configuration list for PBXProject "challenge" */;
			compatibilityVersion = "Xcode 3.2";
			developmentRegion = English;
			hasScannedForEncodings = 0;
			knownRegions = (
				en,
				Base,
			);
			mainGroup = C7A85F271C78C137007E9A00;
			productRefGroup = C7A85F311C78C137007E9A00 /* Products */;
			projectDirPath = "";
			projectReferences = (
				{
					ProductGroup = A1A06AB52105224600F95875 /* Products */;
					ProjectRef = A1A06AB42105224600F95875 /* Pods.xcodeproj */;
				},
			);
			projectRoot = "";
			targets = (
				C7A85F2F1C78C137007E9A00 /* facebookfeed2 */,
			);
		};
/* End PBXProject section */

/* Begin PBXReferenceProxy section */
		A103B436214BE09B006A582C /* GoogleToolboxForMac.framework */ = {
			isa = PBXReferenceProxy;
			fileType = wrapper.framework;
			path = GoogleToolboxForMac.framework;
			remoteRef = A103B435214BE09B006A582C /* PBXContainerItemProxy */;
			sourceTree = BUILT_PRODUCTS_DIR;
		};
		A103B438214BE09B006A582C /* GTMOAuth2.framework */ = {
			isa = PBXReferenceProxy;
			fileType = wrapper.framework;
			path = GTMOAuth2.framework;
			remoteRef = A103B437214BE09B006A582C /* PBXContainerItemProxy */;
			sourceTree = BUILT_PRODUCTS_DIR;
		};
		A103B43A214BE09B006A582C /* GTMSessionFetcher.framework */ = {
			isa = PBXReferenceProxy;
			fileType = wrapper.framework;
			path = GTMSessionFetcher.framework;
			remoteRef = A103B439214BE09B006A582C /* PBXContainerItemProxy */;
			sourceTree = BUILT_PRODUCTS_DIR;
		};
		A1309119219A02B60088E463 /* Siren.framework */ = {
			isa = PBXReferenceProxy;
			fileType = wrapper.framework;
			path = Siren.framework;
			remoteRef = A1309118219A02B60088E463 /* PBXContainerItemProxy */;
			sourceTree = BUILT_PRODUCTS_DIR;
		};
		A1539AA4213FBC170015F053 /* CCBottomRefreshControl.framework */ = {
			isa = PBXReferenceProxy;
			fileType = wrapper.framework;
			path = CCBottomRefreshControl.framework;
			remoteRef = A1539AA3213FBC170015F053 /* PBXContainerItemProxy */;
			sourceTree = BUILT_PRODUCTS_DIR;
		};
		A189B6C12124609B00F4B879 /* RxCocoa.framework */ = {
			isa = PBXReferenceProxy;
			fileType = wrapper.framework;
			path = RxCocoa.framework;
			remoteRef = A189B6C02124609B00F4B879 /* PBXContainerItemProxy */;
			sourceTree = BUILT_PRODUCTS_DIR;
		};
		A189B6C32124609B00F4B879 /* RxGesture.framework */ = {
			isa = PBXReferenceProxy;
			fileType = wrapper.framework;
			path = RxGesture.framework;
			remoteRef = A189B6C22124609B00F4B879 /* PBXContainerItemProxy */;
			sourceTree = BUILT_PRODUCTS_DIR;
		};
		A189B6C52124609B00F4B879 /* RxSwift.framework */ = {
			isa = PBXReferenceProxy;
			fileType = wrapper.framework;
			path = RxSwift.framework;
			remoteRef = A189B6C42124609B00F4B879 /* PBXContainerItemProxy */;
			sourceTree = BUILT_PRODUCTS_DIR;
		};
		A19536F0212365A000EA3449 /* FLAnimatedImage.framework */ = {
			isa = PBXReferenceProxy;
			fileType = wrapper.framework;
			path = FLAnimatedImage.framework;
			remoteRef = A19536EF212365A000EA3449 /* PBXContainerItemProxy */;
			sourceTree = BUILT_PRODUCTS_DIR;
		};
		A19536F2212365A000EA3449 /* PINCache.framework */ = {
			isa = PBXReferenceProxy;
			fileType = wrapper.framework;
			path = PINCache.framework;
			remoteRef = A19536F1212365A000EA3449 /* PBXContainerItemProxy */;
			sourceTree = BUILT_PRODUCTS_DIR;
		};
		A19536F4212365A000EA3449 /* PINRemoteImage.framework */ = {
			isa = PBXReferenceProxy;
			fileType = wrapper.framework;
			path = PINRemoteImage.framework;
			remoteRef = A19536F3212365A000EA3449 /* PBXContainerItemProxy */;
			sourceTree = BUILT_PRODUCTS_DIR;
		};
		A19536F6212365A000EA3449 /* PryntTrimmerView.framework */ = {
			isa = PBXReferenceProxy;
			fileType = wrapper.framework;
			path = PryntTrimmerView.framework;
			remoteRef = A19536F5212365A000EA3449 /* PBXContainerItemProxy */;
			sourceTree = BUILT_PRODUCTS_DIR;
		};
		A19536F8212365A000EA3449 /* Stevia.framework */ = {
			isa = PBXReferenceProxy;
			fileType = wrapper.framework;
			path = Stevia.framework;
			remoteRef = A19536F7212365A000EA3449 /* PBXContainerItemProxy */;
			sourceTree = BUILT_PRODUCTS_DIR;
		};
		A19536FA212365A000EA3449 /* YPImagePicker.framework */ = {
			isa = PBXReferenceProxy;
			fileType = wrapper.framework;
			path = YPImagePicker.framework;
			remoteRef = A19536F9212365A000EA3449 /* PBXContainerItemProxy */;
			sourceTree = BUILT_PRODUCTS_DIR;
		};
		A1A06ABC2105224600F95875 /* Bolts.framework */ = {
			isa = PBXReferenceProxy;
			fileType = wrapper.framework;
			path = Bolts.framework;
			remoteRef = A1A06ABB2105224600F95875 /* PBXContainerItemProxy */;
			sourceTree = BUILT_PRODUCTS_DIR;
		};
		A1A06ABE2105224600F95875 /* FBSDKCoreKit.framework */ = {
			isa = PBXReferenceProxy;
			fileType = wrapper.framework;
			path = FBSDKCoreKit.framework;
			remoteRef = A1A06ABD2105224600F95875 /* PBXContainerItemProxy */;
			sourceTree = BUILT_PRODUCTS_DIR;
		};
		A1A06AC02105224600F95875 /* FBSDKLoginKit.framework */ = {
			isa = PBXReferenceProxy;
			fileType = wrapper.framework;
			path = FBSDKLoginKit.framework;
			remoteRef = A1A06ABF2105224600F95875 /* PBXContainerItemProxy */;
			sourceTree = BUILT_PRODUCTS_DIR;
		};
		A1A06AC22105224600F95875 /* Pods_facebookfeed2.framework */ = {
			isa = PBXReferenceProxy;
			fileType = wrapper.framework;
			path = Pods_facebookfeed2.framework;
			remoteRef = A1A06AC12105224600F95875 /* PBXContainerItemProxy */;
			sourceTree = BUILT_PRODUCTS_DIR;
		};
		A1DD4E732115CB4F00772C51 /* Alamofire.framework */ = {
			isa = PBXReferenceProxy;
			fileType = wrapper.framework;
			path = Alamofire.framework;
			remoteRef = A1DD4E722115CB4F00772C51 /* PBXContainerItemProxy */;
			sourceTree = BUILT_PRODUCTS_DIR;
		};
/* End PBXReferenceProxy section */

/* Begin PBXResourcesBuildPhase section */
		C7A85F2E1C78C137007E9A00 /* Resources */ = {
			isa = PBXResourcesBuildPhase;
			buildActionMask = 2147483647;
			files = (
				A15F875F207BBBB70035130D /* friend_request.json in Resources */,
				A1715F3B20B047A4003E7AFF /* followers.json in Resources */,
				A187996320AB7A86009FA6B6 /* trend_request_1.json in Resources */,
				A1250F8E21653306003911F5 /* termsofuse.html in Resources */,
				A14A996320752F7D00B1418D /* subject.json in Resources */,
				C7A85F3E1C78C137007E9A00 /* LaunchScreen.storyboard in Resources */,
				A19A31F6207D1ACD00DDC98C /* comments.json in Resources */,
				A15A30D4207B282D000C74A9 /* self_subject.json in Resources */,
				A1715F4520B050D1003E7AFF /* following.json in Resources */,
				C780A7B21C88C582007023FD /* single_post.json in Resources */,
				A1E45A3E2074996800FD58E6 /* getOwnChallenges.json in Resources */,
				A1AB96C920ADD4E50059AC79 /* getTrendChallenges.json in Resources */,
				C7A85F3B1C78C137007E9A00 /* Assets.xcassets in Resources */,
				A1C8D31620B832800018B781 /* getChallenges1.json in Resources */,
				A17162C3209C424D00061399 /* activities.json in Resources */,
				C780A7B41C88CEFB007023FD /* getChallenges.json in Resources */,
				A14A99692075306800B1418D /* friends.json in Resources */,
				A159265A209ACC2900D98923 /* trend_request.json in Resources */,
				A119611920E8F1070022E965 /* challenge_request.json in Resources */,
			);
			runOnlyForDeploymentPostprocessing = 0;
		};
/* End PBXResourcesBuildPhase section */

/* Begin PBXShellScriptBuildPhase section */
		0551A4DED402C4E2CF4DCBB3 /* [CP] Embed Pods Frameworks */ = {
			isa = PBXShellScriptBuildPhase;
			buildActionMask = 2147483647;
			files = (
			);
			inputPaths = (
				"${SRCROOT}/Pods/Target Support Files/Pods-facebookfeed2/Pods-facebookfeed2-frameworks.sh",
				"${BUILT_PRODUCTS_DIR}/Alamofire/Alamofire.framework",
				"${BUILT_PRODUCTS_DIR}/Bolts/Bolts.framework",
				"${BUILT_PRODUCTS_DIR}/CCBottomRefreshControl/CCBottomRefreshControl.framework",
				"${BUILT_PRODUCTS_DIR}/FBSDKCoreKit/FBSDKCoreKit.framework",
				"${BUILT_PRODUCTS_DIR}/FBSDKLoginKit/FBSDKLoginKit.framework",
				"${BUILT_PRODUCTS_DIR}/FLAnimatedImage/FLAnimatedImage.framework",
				"${BUILT_PRODUCTS_DIR}/GTMOAuth2/GTMOAuth2.framework",
				"${BUILT_PRODUCTS_DIR}/GTMSessionFetcher/GTMSessionFetcher.framework",
				"${BUILT_PRODUCTS_DIR}/GoogleToolboxForMac/GoogleToolboxForMac.framework",
				"${BUILT_PRODUCTS_DIR}/PINCache/PINCache.framework",
				"${BUILT_PRODUCTS_DIR}/PINRemoteImage/PINRemoteImage.framework",
				"${BUILT_PRODUCTS_DIR}/PryntTrimmerView/PryntTrimmerView.framework",
				"${BUILT_PRODUCTS_DIR}/RxCocoa/RxCocoa.framework",
				"${BUILT_PRODUCTS_DIR}/RxGesture/RxGesture.framework",
				"${BUILT_PRODUCTS_DIR}/RxSwift/RxSwift.framework",
				"${BUILT_PRODUCTS_DIR}/Siren/Siren.framework",
				"${BUILT_PRODUCTS_DIR}/SteviaLayout/Stevia.framework",
				"${BUILT_PRODUCTS_DIR}/YPImagePicker/YPImagePicker.framework",
			);
			name = "[CP] Embed Pods Frameworks";
			outputPaths = (
				"${TARGET_BUILD_DIR}/${FRAMEWORKS_FOLDER_PATH}/Alamofire.framework",
				"${TARGET_BUILD_DIR}/${FRAMEWORKS_FOLDER_PATH}/Bolts.framework",
				"${TARGET_BUILD_DIR}/${FRAMEWORKS_FOLDER_PATH}/CCBottomRefreshControl.framework",
				"${TARGET_BUILD_DIR}/${FRAMEWORKS_FOLDER_PATH}/FBSDKCoreKit.framework",
				"${TARGET_BUILD_DIR}/${FRAMEWORKS_FOLDER_PATH}/FBSDKLoginKit.framework",
				"${TARGET_BUILD_DIR}/${FRAMEWORKS_FOLDER_PATH}/FLAnimatedImage.framework",
				"${TARGET_BUILD_DIR}/${FRAMEWORKS_FOLDER_PATH}/GTMOAuth2.framework",
				"${TARGET_BUILD_DIR}/${FRAMEWORKS_FOLDER_PATH}/GTMSessionFetcher.framework",
				"${TARGET_BUILD_DIR}/${FRAMEWORKS_FOLDER_PATH}/GoogleToolboxForMac.framework",
				"${TARGET_BUILD_DIR}/${FRAMEWORKS_FOLDER_PATH}/PINCache.framework",
				"${TARGET_BUILD_DIR}/${FRAMEWORKS_FOLDER_PATH}/PINRemoteImage.framework",
				"${TARGET_BUILD_DIR}/${FRAMEWORKS_FOLDER_PATH}/PryntTrimmerView.framework",
				"${TARGET_BUILD_DIR}/${FRAMEWORKS_FOLDER_PATH}/RxCocoa.framework",
				"${TARGET_BUILD_DIR}/${FRAMEWORKS_FOLDER_PATH}/RxGesture.framework",
				"${TARGET_BUILD_DIR}/${FRAMEWORKS_FOLDER_PATH}/RxSwift.framework",
				"${TARGET_BUILD_DIR}/${FRAMEWORKS_FOLDER_PATH}/Siren.framework",
				"${TARGET_BUILD_DIR}/${FRAMEWORKS_FOLDER_PATH}/Stevia.framework",
				"${TARGET_BUILD_DIR}/${FRAMEWORKS_FOLDER_PATH}/YPImagePicker.framework",
			);
			runOnlyForDeploymentPostprocessing = 0;
			shellPath = /bin/sh;
			shellScript = "\"${SRCROOT}/Pods/Target Support Files/Pods-facebookfeed2/Pods-facebookfeed2-frameworks.sh\"\n";
			showEnvVarsInLog = 0;
		};
		20617568AED71472819FBCEB /* [CP] Check Pods Manifest.lock */ = {
			isa = PBXShellScriptBuildPhase;
			buildActionMask = 2147483647;
			files = (
			);
			inputPaths = (
				"${PODS_PODFILE_DIR_PATH}/Podfile.lock",
				"${PODS_ROOT}/Manifest.lock",
			);
			name = "[CP] Check Pods Manifest.lock";
			outputPaths = (
				"$(DERIVED_FILE_DIR)/Pods-facebookfeed2-checkManifestLockResult.txt",
			);
			runOnlyForDeploymentPostprocessing = 0;
			shellPath = /bin/sh;
			shellScript = "diff \"${PODS_PODFILE_DIR_PATH}/Podfile.lock\" \"${PODS_ROOT}/Manifest.lock\" > /dev/null\nif [ $? != 0 ] ; then\n    # print error to STDERR\n    echo \"error: The sandbox is not in sync with the Podfile.lock. Run 'pod install' or update your CocoaPods installation.\" >&2\n    exit 1\nfi\n# This output is used by Xcode 'outputs' to avoid re-running this script phase.\necho \"SUCCESS\" > \"${SCRIPT_OUTPUT_FILE_0}\"\n";
			showEnvVarsInLog = 0;
		};
		A1856136214EE24E008FD7B7 /* ShellScript */ = {
			isa = PBXShellScriptBuildPhase;
			buildActionMask = 2147483647;
			files = (
			);
			inputPaths = (
			);
			outputPaths = (
			);
			runOnlyForDeploymentPostprocessing = 0;
			shellPath = /bin/sh;
			shellScript = "\"${PODS_ROOT}/Fabric/run\" 75e1b4895f215bbb3ed2d3f3877344cb088448eb 0eca099fce3ccc3fed27cdf9f9d94b65a46405ba5cd2ef728c8a9fd4d07e7252\n";
		};
		E18C5707290AF335173CDFE3 /* [CP] Copy Pods Resources */ = {
			isa = PBXShellScriptBuildPhase;
			buildActionMask = 2147483647;
			files = (
			);
			inputPaths = (
				"${SRCROOT}/Pods/Target Support Files/Pods-facebookfeed2/Pods-facebookfeed2-resources.sh",
				"${PODS_ROOT}/GoogleSignIn/Resources/GoogleSignIn.bundle",
			);
			name = "[CP] Copy Pods Resources";
			outputPaths = (
				"${TARGET_BUILD_DIR}/${UNLOCALIZED_RESOURCES_FOLDER_PATH}",
			);
			runOnlyForDeploymentPostprocessing = 0;
			shellPath = /bin/sh;
			shellScript = "\"${SRCROOT}/Pods/Target Support Files/Pods-facebookfeed2/Pods-facebookfeed2-resources.sh\"\n";
			showEnvVarsInLog = 0;
		};
/* End PBXShellScriptBuildPhase section */

/* Begin PBXSourcesBuildPhase section */
		C7A85F2C1C78C137007E9A00 /* Sources */ = {
			isa = PBXSourcesBuildPhase;
			buildActionMask = 2147483647;
			files = (
				A1DA9CAB20A95236009200E3 /* AddChallenge.swift in Sources */,
				A1289CAA20A5562700CC66B0 /* UINavigationControllerExtension.swift in Sources */,
				A1DC3418207E402300F21232 /* ProfileCellView.swift in Sources */,
				C7A85F361C78C137007E9A00 /* ChallengesController.swift in Sources */,
				A1289CA820A555F100CC66B0 /* UIExtension.swift in Sources */,
				A159265E209ACDEC00D98923 /* TrendRequestCellView.swift in Sources */,
				A1539AA6213FBD710015F053 /* FollowerRequestCellView.swift in Sources */,
				A1FA9B9C211B473600ED741A /* ConnectionProblemController.swift in Sources */,
				A1539A93213FBC170015F053 /* FollowerRequestController.swift in Sources */,
				A1DA5F0220DFA44D00044E1E /* Media.swift in Sources */,
				A1ACBF8F20A746650019D6C5 /* UpdateProgressController.swift in Sources */,
				A1C13416207F212700C6A435 /* TrendsController.swift in Sources */,
				A187C98B2107831C00C6A0D4 /* Support.swift in Sources */,
				A16A7DCA210E57570078FBA3 /* InstaUser.swift in Sources */,
				A159265C209ACCFD00D98923 /* TrendRequest.swift in Sources */,
				A113ABFC203BE01B006E99F1 /* AddChallengeController.swift in Sources */,
				A119611120E8EC510022E965 /* ChallengeRequestController.swift in Sources */,
				A17DA77F206A9944005BCC2C /* SelectionTableViewController.swift in Sources */,
				A1289CB220A557BF00CC66B0 /* UIViewExtension.swift in Sources */,
				A1DF0B71207C7A3600C34286 /* CommentTableViewController.swift in Sources */,
				A1FA9BA6211B48E200ED741A /* Reachability.swift in Sources */,
				A18E46982118B619003A670A /* SplashScreenController.swift in Sources */,
				A14A996D2075310D00B1418D /* Friends.swift in Sources */,
				A18D948020E0AE2E00FA1679 /* ProofCellView.swift in Sources */,
				C7A85F341C78C137007E9A00 /* AppDelegate.swift in Sources */,
				A1715F4320B04997003E7AFF /* FollowCellView.swift in Sources */,
				A1715F4120B0481A003E7AFF /* Followers.swift in Sources */,
				A119611720E8EC5D0022E965 /* ChallengeRequestCellView.swift in Sources */,
				A1274108200F38E60073BFF2 /* FacebookController.swift in Sources */,
				A138F38A204D9C4F00142231 /* Post.swift in Sources */,
				A15F8765207BBBF30035130D /* SuggestionFriends.swift in Sources */,
				A1B27B04209A2F8D00263E48 /* ActivitiesController.swift in Sources */,
				A18D947A20E0AB9000FA1679 /* ProofTableViewController.swift in Sources */,
				C7D879AE1C828B36008766AE /* FollowRequestController.swift in Sources */,
				A138F390204D9CD100142231 /* VersusAttendance.swift in Sources */,
				A14A996B207530F500B1418D /* Subject.swift in Sources */,
				A11C823520499DDB0061A33F /* ImageService.swift in Sources */,
				A1289CAC20A5564900CC66B0 /* UIViewControllerExtension.swift in Sources */,
				A18BE7CB210F697400306540 /* ForwardChange.swift in Sources */,
				A14BDFED204E5E780095875F /* AddChallengeView.swift in Sources */,
				A18BE7D321101E7B00306540 /* Util.swift in Sources */,
				A1715F4720B050DD003E7AFF /* Following.swift in Sources */,
				A1235D3E20870C3A0028738E /* Prove.swift in Sources */,
				A16A7DC4210E45650078FBA3 /* InstagramLoginVC.swift in Sources */,
				A1289CB020A556F500CC66B0 /* UITableViewControllerExtension.swift in Sources */,
				A11EFC822142D2D100FCD93D /* ChallengeResultApproveController.swift in Sources */,
				A1D2CAB720451C9F008782D3 /* OtherViewCellView.swift in Sources */,
				A13C709D2043CE6E0076B989 /* FriendRequestCellView.swift in Sources */,
				A19BBDFC206A07D700EC7B11 /* TableViewCellView.swift in Sources */,
				A1289CAE20A5567600CC66B0 /* UIScrollViewExtension.swift in Sources */,
				A113AC00203BE1E9006E99F1 /* OtherController.swift in Sources */,
				A17162C5209C42DC00061399 /* Activities.swift in Sources */,
				A1C8D31420B7EE440018B781 /* ServiceLocator.swift in Sources */,
				A15747AD21BEFC7900807DA4 /* Bots.swift in Sources */,
				A17162C1209C420900061399 /* ActivityCell.swift in Sources */,
				A18BE7D1210F742700306540 /* LoadingOverlay.swift in Sources */,
				A1DD4E752115E01000772C51 /* VideoService.swift in Sources */,
				A1766C892108CC35000AB4E0 /* Attendance.swift in Sources */,
				C7D879AC1C8289DD008766AE /* CustomTabBarController.swift in Sources */,
				A14D75FE20752D430005B2F2 /* SelectedItems.swift in Sources */,
				A16584402077A69400842F10 /* GlobalVariables.swift in Sources */,
				A1DC3416207E2D9800F21232 /* CommentCellView.swift in Sources */,
				A13C709B2043CE000076B989 /* ChallengeFeedCellView.swift in Sources */,
				A138F392204D9CFA00142231 /* JoinAttendance.swift in Sources */,
				A1DC3414207E2A1800F21232 /* Comments.swift in Sources */,
				A119611B20E8F1900022E965 /* ChallengeRequest.swift in Sources */,
			);
			runOnlyForDeploymentPostprocessing = 0;
		};
/* End PBXSourcesBuildPhase section */

/* Begin PBXVariantGroup section */
		C7A85F3C1C78C137007E9A00 /* LaunchScreen.storyboard */ = {
			isa = PBXVariantGroup;
			children = (
				C7A85F3D1C78C137007E9A00 /* Base */,
			);
			name = LaunchScreen.storyboard;
			sourceTree = "<group>";
		};
/* End PBXVariantGroup section */

/* Begin XCBuildConfiguration section */
		C7A85F401C78C137007E9A00 /* Debug */ = {
			isa = XCBuildConfiguration;
			buildSettings = {
				ALWAYS_SEARCH_USER_PATHS = NO;
				CLANG_CXX_LANGUAGE_STANDARD = "gnu++0x";
				CLANG_CXX_LIBRARY = "libc++";
				CLANG_ENABLE_MODULES = YES;
				CLANG_ENABLE_OBJC_ARC = YES;
				CLANG_WARN_BLOCK_CAPTURE_AUTORELEASING = YES;
				CLANG_WARN_BOOL_CONVERSION = YES;
				CLANG_WARN_COMMA = YES;
				CLANG_WARN_CONSTANT_CONVERSION = YES;
				CLANG_WARN_DEPRECATED_OBJC_IMPLEMENTATIONS = YES;
				CLANG_WARN_DIRECT_OBJC_ISA_USAGE = YES_ERROR;
				CLANG_WARN_EMPTY_BODY = YES;
				CLANG_WARN_ENUM_CONVERSION = YES;
				CLANG_WARN_INFINITE_RECURSION = YES;
				CLANG_WARN_INT_CONVERSION = YES;
				CLANG_WARN_NON_LITERAL_NULL_CONVERSION = YES;
				CLANG_WARN_OBJC_IMPLICIT_RETAIN_SELF = YES;
				CLANG_WARN_OBJC_LITERAL_CONVERSION = YES;
				CLANG_WARN_OBJC_ROOT_CLASS = YES_ERROR;
				CLANG_WARN_RANGE_LOOP_ANALYSIS = YES;
				CLANG_WARN_STRICT_PROTOTYPES = YES;
				CLANG_WARN_SUSPICIOUS_MOVE = YES;
				CLANG_WARN_UNREACHABLE_CODE = YES;
				CLANG_WARN__DUPLICATE_METHOD_MATCH = YES;
				"CODE_SIGN_IDENTITY[sdk=iphoneos*]" = "";
				COPY_PHASE_STRIP = NO;
				DEBUG_INFORMATION_FORMAT = dwarf;
				ENABLE_STRICT_OBJC_MSGSEND = YES;
				ENABLE_TESTABILITY = YES;
				GCC_C_LANGUAGE_STANDARD = gnu99;
				GCC_DYNAMIC_NO_PIC = NO;
				GCC_NO_COMMON_BLOCKS = YES;
				GCC_OPTIMIZATION_LEVEL = 0;
				GCC_PREPROCESSOR_DEFINITIONS = (
					"DEBUG=1",
					"$(inherited)",
				);
				GCC_WARN_64_TO_32_BIT_CONVERSION = YES;
				GCC_WARN_ABOUT_RETURN_TYPE = YES_ERROR;
				GCC_WARN_UNDECLARED_SELECTOR = YES;
				GCC_WARN_UNINITIALIZED_AUTOS = YES_AGGRESSIVE;
				GCC_WARN_UNUSED_FUNCTION = YES;
				GCC_WARN_UNUSED_VARIABLE = YES;
				IPHONEOS_DEPLOYMENT_TARGET = 11.2;
				MTL_ENABLE_DEBUG_INFO = YES;
				ONLY_ACTIVE_ARCH = YES;
				PRODUCT_NAME = Challenge;
				SDKROOT = iphoneos;
				SWIFT_OPTIMIZATION_LEVEL = "-Onone";
				SWIFT_VERSION = 3.0;
				TARGETED_DEVICE_FAMILY = "1,2";
			};
			name = Debug;
		};
		C7A85F411C78C137007E9A00 /* Release */ = {
			isa = XCBuildConfiguration;
			buildSettings = {
				ALWAYS_SEARCH_USER_PATHS = NO;
				CLANG_CXX_LANGUAGE_STANDARD = "gnu++0x";
				CLANG_CXX_LIBRARY = "libc++";
				CLANG_ENABLE_MODULES = YES;
				CLANG_ENABLE_OBJC_ARC = YES;
				CLANG_WARN_BLOCK_CAPTURE_AUTORELEASING = YES;
				CLANG_WARN_BOOL_CONVERSION = YES;
				CLANG_WARN_COMMA = YES;
				CLANG_WARN_CONSTANT_CONVERSION = YES;
				CLANG_WARN_DEPRECATED_OBJC_IMPLEMENTATIONS = YES;
				CLANG_WARN_DIRECT_OBJC_ISA_USAGE = YES_ERROR;
				CLANG_WARN_EMPTY_BODY = YES;
				CLANG_WARN_ENUM_CONVERSION = YES;
				CLANG_WARN_INFINITE_RECURSION = YES;
				CLANG_WARN_INT_CONVERSION = YES;
				CLANG_WARN_NON_LITERAL_NULL_CONVERSION = YES;
				CLANG_WARN_OBJC_IMPLICIT_RETAIN_SELF = YES;
				CLANG_WARN_OBJC_LITERAL_CONVERSION = YES;
				CLANG_WARN_OBJC_ROOT_CLASS = YES_ERROR;
				CLANG_WARN_RANGE_LOOP_ANALYSIS = YES;
				CLANG_WARN_STRICT_PROTOTYPES = YES;
				CLANG_WARN_SUSPICIOUS_MOVE = YES;
				CLANG_WARN_UNREACHABLE_CODE = YES;
				CLANG_WARN__DUPLICATE_METHOD_MATCH = YES;
				"CODE_SIGN_IDENTITY[sdk=iphoneos*]" = "";
				COPY_PHASE_STRIP = NO;
				DEBUG_INFORMATION_FORMAT = "dwarf-with-dsym";
				ENABLE_NS_ASSERTIONS = NO;
				ENABLE_STRICT_OBJC_MSGSEND = YES;
				GCC_C_LANGUAGE_STANDARD = gnu99;
				GCC_NO_COMMON_BLOCKS = YES;
				GCC_WARN_64_TO_32_BIT_CONVERSION = YES;
				GCC_WARN_ABOUT_RETURN_TYPE = YES_ERROR;
				GCC_WARN_UNDECLARED_SELECTOR = YES;
				GCC_WARN_UNINITIALIZED_AUTOS = YES_AGGRESSIVE;
				GCC_WARN_UNUSED_FUNCTION = YES;
				GCC_WARN_UNUSED_VARIABLE = YES;
				IPHONEOS_DEPLOYMENT_TARGET = 11.2;
				MTL_ENABLE_DEBUG_INFO = NO;
				PRODUCT_NAME = Challenge;
				SDKROOT = iphoneos;
				SWIFT_COMPILATION_MODE = wholemodule;
				SWIFT_VERSION = 3.0;
				TARGETED_DEVICE_FAMILY = "1,2";
				VALIDATE_PRODUCT = NO;
			};
			name = Release;
		};
		C7A85F431C78C137007E9A00 /* Debug */ = {
			isa = XCBuildConfiguration;
			baseConfigurationReference = 1B11AF50163FFC2CDCA1323B /* Pods-facebookfeed2.debug.xcconfig */;
			buildSettings = {
				ASSETCATALOG_COMPILER_APPICON_NAME = AppIcon;
				CODE_SIGN_ENTITLEMENTS = facebookfeed2/facebookfeed2.entitlements;
				"CODE_SIGN_IDENTITY[sdk=iphoneos*]" = "iPhone Developer";
				CODE_SIGN_STYLE = Automatic;
				DEBUG_INFORMATION_FORMAT = "dwarf-with-dsym";
				DEVELOPMENT_TEAM = BYSD94TYHS;
				FRAMEWORK_SEARCH_PATHS = "$(inherited)";
				INFOPLIST_FILE = facebookfeed2/Info.plist;
				IPHONEOS_DEPLOYMENT_TARGET = 11.0;
				LD_RUNPATH_SEARCH_PATHS = "$(inherited) @executable_path/Frameworks";
				MACH_O_TYPE = mh_execute;
				ONLY_ACTIVE_ARCH = YES;
				PRODUCT_BUNDLE_IDENTIFIER = com.chl.challenge;
				PRODUCT_NAME = Challenge;
				PROVISIONING_PROFILE_SPECIFIER = "";
				SDKROOT = iphoneos;
				SWIFT_VERSION = 4.0;
				TARGETED_DEVICE_FAMILY = 1;
			};
			name = Debug;
		};
		C7A85F441C78C137007E9A00 /* Release */ = {
			isa = XCBuildConfiguration;
			baseConfigurationReference = BD7C5B0D0ACCAB6DD1AF9AD7 /* Pods-facebookfeed2.release.xcconfig */;
			buildSettings = {
				ASSETCATALOG_COMPILER_APPICON_NAME = AppIcon;
				CODE_SIGN_ENTITLEMENTS = facebookfeed2/facebookfeed2.entitlements;
				"CODE_SIGN_IDENTITY[sdk=iphoneos*]" = "iPhone Developer";
				CODE_SIGN_STYLE = Automatic;
				DEVELOPMENT_TEAM = BYSD94TYHS;
				FRAMEWORK_SEARCH_PATHS = "$(inherited)";
				INFOPLIST_FILE = facebookfeed2/Info.plist;
				IPHONEOS_DEPLOYMENT_TARGET = 11.0;
				LD_RUNPATH_SEARCH_PATHS = "$(inherited) @executable_path/Frameworks";
				MACH_O_TYPE = mh_execute;
				ONLY_ACTIVE_ARCH = YES;
				PRODUCT_BUNDLE_IDENTIFIER = com.chl.challenge;
				PRODUCT_NAME = Challenge;
				PROVISIONING_PROFILE_SPECIFIER = "";
				SDKROOT = iphoneos;
				SWIFT_VERSION = 4.0;
				TARGETED_DEVICE_FAMILY = 1;
			};
			name = Release;
		};
/* End XCBuildConfiguration section */

/* Begin XCConfigurationList section */
		C7A85F2B1C78C137007E9A00 /* Build configuration list for PBXProject "challenge" */ = {
			isa = XCConfigurationList;
			buildConfigurations = (
				C7A85F401C78C137007E9A00 /* Debug */,
				C7A85F411C78C137007E9A00 /* Release */,
			);
			defaultConfigurationIsVisible = 0;
			defaultConfigurationName = Release;
		};
		C7A85F421C78C137007E9A00 /* Build configuration list for PBXNativeTarget "facebookfeed2" */ = {
			isa = XCConfigurationList;
			buildConfigurations = (
				C7A85F431C78C137007E9A00 /* Debug */,
				C7A85F441C78C137007E9A00 /* Release */,
			);
			defaultConfigurationIsVisible = 0;
			defaultConfigurationName = Release;
		};
/* End XCConfigurationList section */
	};
	rootObject = C7A85F281C78C137007E9A00 /* Project object */;
}
