// !$*UTF8*$!
{
	archiveVersion = 1;
	classes = {
	};
	objectVersion = 46;
	objects = {

/* Begin PBXBuildFile section */
		A113ABFC203BE01B006E99F1 /* AddChallengeController.swift in Sources */ = {isa = PBXBuildFile; fileRef = A113ABFB203BE01B006E99F1 /* AddChallengeController.swift */; };
		A113ABFE203BE15E006E99F1 /* SelfChallangeController.swift in Sources */ = {isa = PBXBuildFile; fileRef = A113ABFD203BE15E006E99F1 /* SelfChallangeController.swift */; };
		A113AC00203BE1E9006E99F1 /* OtherController.swift in Sources */ = {isa = PBXBuildFile; fileRef = A113ABFF203BE1E9006E99F1 /* OtherController.swift */; };
		A11C823520499DDB0061A33F /* ImageService.swift in Sources */ = {isa = PBXBuildFile; fileRef = A11C823420499DDB0061A33F /* ImageService.swift */; };
		A1274108200F38E60073BFF2 /* FacebookController.swift in Sources */ = {isa = PBXBuildFile; fileRef = A1274107200F38E60073BFF2 /* FacebookController.swift */; };
		A138F38A204D9C4F00142231 /* Post.swift in Sources */ = {isa = PBXBuildFile; fileRef = A138F389204D9C4F00142231 /* Post.swift */; };
		A138F390204D9CD100142231 /* VersusAttendance.swift in Sources */ = {isa = PBXBuildFile; fileRef = A138F38F204D9CD100142231 /* VersusAttendance.swift */; };
		A138F392204D9CFA00142231 /* JoinAttendance.swift in Sources */ = {isa = PBXBuildFile; fileRef = A138F391204D9CFA00142231 /* JoinAttendance.swift */; };
		A13C709B2043CE000076B989 /* ChallengeFeedCellView.swift in Sources */ = {isa = PBXBuildFile; fileRef = A13C709A2043CE000076B989 /* ChallengeFeedCellView.swift */; };
		A13C709D2043CE6E0076B989 /* FriendRequestView.swift in Sources */ = {isa = PBXBuildFile; fileRef = A13C709C2043CE6E0076B989 /* FriendRequestView.swift */; };
		A1462A7820432CBE00F5EF0F /* ExternalAccessory.framework in Frameworks */ = {isa = PBXBuildFile; fileRef = A1462A7720432CBE00F5EF0F /* ExternalAccessory.framework */; };
		A14BDFED204E5E780095875F /* AddChallengeView.swift in Sources */ = {isa = PBXBuildFile; fileRef = A14BDFEC204E5E780095875F /* AddChallengeView.swift */; };
		A17DA77F206A9944005BCC2C /* SelectionTableViewController.swift in Sources */ = {isa = PBXBuildFile; fileRef = A17DA77E206A9944005BCC2C /* SelectionTableViewController.swift */; };
		A19BBDFC206A07D700EC7B11 /* TableViewCellContent.swift in Sources */ = {isa = PBXBuildFile; fileRef = A19BBDFB206A07D700EC7B11 /* TableViewCellContent.swift */; };
		A1D2CAB720451C9F008782D3 /* OtherView.swift in Sources */ = {isa = PBXBuildFile; fileRef = A1D2CAB620451C9F008782D3 /* OtherView.swift */; };
		BA814CC4F089C9048700059B /* Pods_facebookfeed2.framework in Frameworks */ = {isa = PBXBuildFile; fileRef = 2197A3DA9935AC76E3BE402E /* Pods_facebookfeed2.framework */; };
		C780A7B21C88C582007023FD /* single_post.json in Resources */ = {isa = PBXBuildFile; fileRef = C780A7B11C88C582007023FD /* single_post.json */; };
		C780A7B41C88CEFB007023FD /* all_posts.json in Resources */ = {isa = PBXBuildFile; fileRef = C780A7B31C88CEFB007023FD /* all_posts.json */; };
		C7A85F341C78C137007E9A00 /* AppDelegate.swift in Sources */ = {isa = PBXBuildFile; fileRef = C7A85F331C78C137007E9A00 /* AppDelegate.swift */; };
		C7A85F361C78C137007E9A00 /* ChallengesController.swift in Sources */ = {isa = PBXBuildFile; fileRef = C7A85F351C78C137007E9A00 /* ChallengesController.swift */; };
		C7A85F3B1C78C137007E9A00 /* Assets.xcassets in Resources */ = {isa = PBXBuildFile; fileRef = C7A85F3A1C78C137007E9A00 /* Assets.xcassets */; };
		C7A85F3E1C78C137007E9A00 /* LaunchScreen.storyboard in Resources */ = {isa = PBXBuildFile; fileRef = C7A85F3C1C78C137007E9A00 /* LaunchScreen.storyboard */; };
		C7D879AC1C8289DD008766AE /* CustomTabBarController.swift in Sources */ = {isa = PBXBuildFile; fileRef = C7D879AB1C8289DD008766AE /* CustomTabBarController.swift */; };
		C7D879AE1C828B36008766AE /* FriendRequestController.swift in Sources */ = {isa = PBXBuildFile; fileRef = C7D879AD1C828B36008766AE /* FriendRequestController.swift */; };
/* End PBXBuildFile section */

/* Begin PBXContainerItemProxy section */
		A1D8871820405A9700E45A1B /* PBXContainerItemProxy */ = {
			isa = PBXContainerItemProxy;
			containerPortal = A1D8871120405A9600E45A1B /* Pods.xcodeproj */;
			proxyType = 2;
			remoteGlobalIDString = 4AFDD19702BF374993776E75F84A3DA1;
			remoteInfo = Bolts;
		};
		A1D8871A20405A9700E45A1B /* PBXContainerItemProxy */ = {
			isa = PBXContainerItemProxy;
			containerPortal = A1D8871120405A9600E45A1B /* Pods.xcodeproj */;
			proxyType = 2;
			remoteGlobalIDString = A0150E42757C1D6477379CEC1D4BBB8F;
			remoteInfo = FBSDKCoreKit;
		};
		A1D8871C20405A9700E45A1B /* PBXContainerItemProxy */ = {
			isa = PBXContainerItemProxy;
			containerPortal = A1D8871120405A9600E45A1B /* Pods.xcodeproj */;
			proxyType = 2;
			remoteGlobalIDString = F32B04E7D33981F276118E430A114C3A;
			remoteInfo = FBSDKLoginKit;
		};
		A1D8871E20405A9700E45A1B /* PBXContainerItemProxy */ = {
			isa = PBXContainerItemProxy;
			containerPortal = A1D8871120405A9600E45A1B /* Pods.xcodeproj */;
			proxyType = 2;
			remoteGlobalIDString = B9655830B43B1AF798C0C24D966EDC49;
			remoteInfo = "Pods-facebookfeed2";
		};
/* End PBXContainerItemProxy section */

/* Begin PBXFileReference section */
		2197A3DA9935AC76E3BE402E /* Pods_facebookfeed2.framework */ = {isa = PBXFileReference; explicitFileType = wrapper.framework; includeInIndex = 0; path = Pods_facebookfeed2.framework; sourceTree = BUILT_PRODUCTS_DIR; };
		976BF351127C8F413F3EEBE3 /* Pods-facebookfeed2.release.xcconfig */ = {isa = PBXFileReference; includeInIndex = 1; lastKnownFileType = text.xcconfig; name = "Pods-facebookfeed2.release.xcconfig"; path = "Pods/Target Support Files/Pods-facebookfeed2/Pods-facebookfeed2.release.xcconfig"; sourceTree = "<group>"; };
		A113ABFB203BE01B006E99F1 /* AddChallengeController.swift */ = {isa = PBXFileReference; lastKnownFileType = sourcecode.swift; path = AddChallengeController.swift; sourceTree = "<group>"; };
		A113ABFD203BE15E006E99F1 /* SelfChallangeController.swift */ = {isa = PBXFileReference; lastKnownFileType = sourcecode.swift; path = SelfChallangeController.swift; sourceTree = "<group>"; };
		A113ABFF203BE1E9006E99F1 /* OtherController.swift */ = {isa = PBXFileReference; lastKnownFileType = sourcecode.swift; path = OtherController.swift; sourceTree = "<group>"; };
		A11C823420499DDB0061A33F /* ImageService.swift */ = {isa = PBXFileReference; lastKnownFileType = sourcecode.swift; path = ImageService.swift; sourceTree = "<group>"; };
		A1274107200F38E60073BFF2 /* FacebookController.swift */ = {isa = PBXFileReference; lastKnownFileType = sourcecode.swift; path = FacebookController.swift; sourceTree = "<group>"; };
		A138F389204D9C4F00142231 /* Post.swift */ = {isa = PBXFileReference; lastKnownFileType = sourcecode.swift; path = Post.swift; sourceTree = "<group>"; };
		A138F38F204D9CD100142231 /* VersusAttendance.swift */ = {isa = PBXFileReference; lastKnownFileType = sourcecode.swift; path = VersusAttendance.swift; sourceTree = "<group>"; };
		A138F391204D9CFA00142231 /* JoinAttendance.swift */ = {isa = PBXFileReference; lastKnownFileType = sourcecode.swift; path = JoinAttendance.swift; sourceTree = "<group>"; };
		A13C709A2043CE000076B989 /* ChallengeFeedCellView.swift */ = {isa = PBXFileReference; lastKnownFileType = sourcecode.swift; path = ChallengeFeedCellView.swift; sourceTree = "<group>"; };
		A13C709C2043CE6E0076B989 /* FriendRequestView.swift */ = {isa = PBXFileReference; lastKnownFileType = sourcecode.swift; path = FriendRequestView.swift; sourceTree = "<group>"; };
		A1462A7720432CBE00F5EF0F /* ExternalAccessory.framework */ = {isa = PBXFileReference; lastKnownFileType = wrapper.framework; name = ExternalAccessory.framework; path = System/Library/Frameworks/ExternalAccessory.framework; sourceTree = SDKROOT; };
		A14BDFEC204E5E780095875F /* AddChallengeView.swift */ = {isa = PBXFileReference; lastKnownFileType = sourcecode.swift; path = AddChallengeView.swift; sourceTree = "<group>"; };
		A17DA77E206A9944005BCC2C /* SelectionTableViewController.swift */ = {isa = PBXFileReference; lastKnownFileType = sourcecode.swift; path = SelectionTableViewController.swift; sourceTree = "<group>"; };
		A19BBDFB206A07D700EC7B11 /* TableViewCellContent.swift */ = {isa = PBXFileReference; lastKnownFileType = sourcecode.swift; path = TableViewCellContent.swift; sourceTree = "<group>"; };
		A1D2CAB620451C9F008782D3 /* OtherView.swift */ = {isa = PBXFileReference; lastKnownFileType = sourcecode.swift; path = OtherView.swift; sourceTree = "<group>"; };
		A1D8871120405A9600E45A1B /* Pods.xcodeproj */ = {isa = PBXFileReference; lastKnownFileType = "wrapper.pb-project"; name = Pods.xcodeproj; path = Pods/Pods.xcodeproj; sourceTree = "<group>"; };
		A1ED4B1020404BAE00422544 /* facebookfeed2.entitlements */ = {isa = PBXFileReference; lastKnownFileType = text.plist.entitlements; name = facebookfeed2.entitlements; path = facebookfeed2/facebookfeed2.entitlements; sourceTree = "<group>"; };
		C780A7B11C88C582007023FD /* single_post.json */ = {isa = PBXFileReference; fileEncoding = 4; lastKnownFileType = text.json; path = single_post.json; sourceTree = "<group>"; };
		C780A7B31C88CEFB007023FD /* all_posts.json */ = {isa = PBXFileReference; fileEncoding = 4; lastKnownFileType = text.json; path = all_posts.json; sourceTree = "<group>"; };
		C7A85F301C78C137007E9A00 /* facebookfeed2.app */ = {isa = PBXFileReference; explicitFileType = wrapper.application; includeInIndex = 0; path = facebookfeed2.app; sourceTree = BUILT_PRODUCTS_DIR; };
		C7A85F331C78C137007E9A00 /* AppDelegate.swift */ = {isa = PBXFileReference; lastKnownFileType = sourcecode.swift; path = AppDelegate.swift; sourceTree = "<group>"; };
		C7A85F351C78C137007E9A00 /* ChallengesController.swift */ = {isa = PBXFileReference; lastKnownFileType = sourcecode.swift; path = ChallengesController.swift; sourceTree = "<group>"; };
		C7A85F3A1C78C137007E9A00 /* Assets.xcassets */ = {isa = PBXFileReference; lastKnownFileType = folder.assetcatalog; path = Assets.xcassets; sourceTree = "<group>"; };
		C7A85F3D1C78C137007E9A00 /* Base */ = {isa = PBXFileReference; lastKnownFileType = file.storyboard; name = Base; path = Base.lproj/LaunchScreen.storyboard; sourceTree = "<group>"; };
		C7A85F3F1C78C137007E9A00 /* Info.plist */ = {isa = PBXFileReference; lastKnownFileType = text.plist.xml; path = Info.plist; sourceTree = "<group>"; };
		C7D879AB1C8289DD008766AE /* CustomTabBarController.swift */ = {isa = PBXFileReference; fileEncoding = 4; lastKnownFileType = sourcecode.swift; path = CustomTabBarController.swift; sourceTree = "<group>"; };
		C7D879AD1C828B36008766AE /* FriendRequestController.swift */ = {isa = PBXFileReference; fileEncoding = 4; lastKnownFileType = sourcecode.swift; path = FriendRequestController.swift; sourceTree = "<group>"; };
		EFA45848BA61777248D55379 /* Pods-facebookfeed2.debug.xcconfig */ = {isa = PBXFileReference; includeInIndex = 1; lastKnownFileType = text.xcconfig; name = "Pods-facebookfeed2.debug.xcconfig"; path = "Pods/Target Support Files/Pods-facebookfeed2/Pods-facebookfeed2.debug.xcconfig"; sourceTree = "<group>"; };
/* End PBXFileReference section */

/* Begin PBXFrameworksBuildPhase section */
		C7A85F2D1C78C137007E9A00 /* Frameworks */ = {
			isa = PBXFrameworksBuildPhase;
			buildActionMask = 2147483647;
			files = (
				A1462A7820432CBE00F5EF0F /* ExternalAccessory.framework in Frameworks */,
				BA814CC4F089C9048700059B /* Pods_facebookfeed2.framework in Frameworks */,
			);
			runOnlyForDeploymentPostprocessing = 0;
		};
/* End PBXFrameworksBuildPhase section */

/* Begin PBXGroup section */
		092C4114DC43A768A788FAEA /* Pods */ = {
			isa = PBXGroup;
			children = (
				EFA45848BA61777248D55379 /* Pods-facebookfeed2.debug.xcconfig */,
				976BF351127C8F413F3EEBE3 /* Pods-facebookfeed2.release.xcconfig */,
			);
			name = Pods;
			sourceTree = "<group>";
		};
		6DA0C3576BF138403AFEE3BF /* Frameworks */ = {
			isa = PBXGroup;
			children = (
				A1462A7720432CBE00F5EF0F /* ExternalAccessory.framework */,
				2197A3DA9935AC76E3BE402E /* Pods_facebookfeed2.framework */,
			);
			name = Frameworks;
			sourceTree = "<group>";
		};
		A13C70962043CCE70076B989 /* Singleton */ = {
			isa = PBXGroup;
			children = (
				C7A85F331C78C137007E9A00 /* AppDelegate.swift */,
			);
			path = Singleton;
			sourceTree = "<group>";
		};
		A13C70972043CD010076B989 /* Controller */ = {
			isa = PBXGroup;
			children = (
				A17DA77E206A9944005BCC2C /* SelectionTableViewController.swift */,
				C7A85F351C78C137007E9A00 /* ChallengesController.swift */,
				C7D879AB1C8289DD008766AE /* CustomTabBarController.swift */,
				C7D879AD1C828B36008766AE /* FriendRequestController.swift */,
				A1274107200F38E60073BFF2 /* FacebookController.swift */,
				A113ABFB203BE01B006E99F1 /* AddChallengeController.swift */,
				A113ABFD203BE15E006E99F1 /* SelfChallangeController.swift */,
				A113ABFF203BE1E9006E99F1 /* OtherController.swift */,
			);
			path = Controller;
			sourceTree = "<group>";
		};
		A13C70982043CD2D0076B989 /* JsonFile */ = {
			isa = PBXGroup;
			children = (
				C780A7B11C88C582007023FD /* single_post.json */,
				C780A7B31C88CEFB007023FD /* all_posts.json */,
			);
			path = JsonFile;
			sourceTree = "<group>";
		};
		A13C70992043CD440076B989 /* View */ = {
			isa = PBXGroup;
			children = (
				A13C709A2043CE000076B989 /* ChallengeFeedCellView.swift */,
				A13C709C2043CE6E0076B989 /* FriendRequestView.swift */,
				A1D2CAB620451C9F008782D3 /* OtherView.swift */,
				A14BDFEC204E5E780095875F /* AddChallengeView.swift */,
				A19BBDFB206A07D700EC7B11 /* TableViewCellContent.swift */,
			);
			path = View;
			sourceTree = "<group>";
		};
		A14EC3BA204B29E000F11C82 /* Model */ = {
			isa = PBXGroup;
			children = (
				A138F389204D9C4F00142231 /* Post.swift */,
				A138F38F204D9CD100142231 /* VersusAttendance.swift */,
				A138F391204D9CFA00142231 /* JoinAttendance.swift */,
			);
			path = Model;
			sourceTree = "<group>";
		};
		A1D8871220405A9600E45A1B /* Products */ = {
			isa = PBXGroup;
			children = (
				A1D8871920405A9700E45A1B /* Bolts.framework */,
				A1D8871B20405A9700E45A1B /* FBSDKCoreKit.framework */,
				A1D8871D20405A9700E45A1B /* FBSDKLoginKit.framework */,
				A1D8871F20405A9700E45A1B /* Pods_facebookfeed2.framework */,
			);
			name = Products;
			sourceTree = "<group>";
		};
		C7A85F271C78C137007E9A00 = {
			isa = PBXGroup;
			children = (
				A1D8871120405A9600E45A1B /* Pods.xcodeproj */,
				A1ED4B1020404BAE00422544 /* facebookfeed2.entitlements */,
				C7A85F321C78C137007E9A00 /* challenge */,
				C7A85F311C78C137007E9A00 /* Products */,
				092C4114DC43A768A788FAEA /* Pods */,
				6DA0C3576BF138403AFEE3BF /* Frameworks */,
			);
			sourceTree = "<group>";
		};
		C7A85F311C78C137007E9A00 /* Products */ = {
			isa = PBXGroup;
			children = (
				C7A85F301C78C137007E9A00 /* facebookfeed2.app */,
			);
			name = Products;
			sourceTree = "<group>";
		};
		C7A85F321C78C137007E9A00 /* challenge */ = {
			isa = PBXGroup;
			children = (
				A14EC3BA204B29E000F11C82 /* Model */,
				A13C70992043CD440076B989 /* View */,
				A13C70982043CD2D0076B989 /* JsonFile */,
				A13C70972043CD010076B989 /* Controller */,
				A13C70962043CCE70076B989 /* Singleton */,
				C7A85F3A1C78C137007E9A00 /* Assets.xcassets */,
				C7A85F3C1C78C137007E9A00 /* LaunchScreen.storyboard */,
				C7A85F3F1C78C137007E9A00 /* Info.plist */,
				A11C823420499DDB0061A33F /* ImageService.swift */,
			);
			name = challenge;
			path = facebookfeed2;
			sourceTree = "<group>";
		};
/* End PBXGroup section */

/* Begin PBXNativeTarget section */
		C7A85F2F1C78C137007E9A00 /* facebookfeed2 */ = {
			isa = PBXNativeTarget;
			buildConfigurationList = C7A85F421C78C137007E9A00 /* Build configuration list for PBXNativeTarget "facebookfeed2" */;
			buildPhases = (
				9C832D20D9D4B280B0F44C22 /* [CP] Check Pods Manifest.lock */,
				C7A85F2C1C78C137007E9A00 /* Sources */,
				C7A85F2D1C78C137007E9A00 /* Frameworks */,
				C7A85F2E1C78C137007E9A00 /* Resources */,
				49551CC512FE5D28774793DD /* [CP] Embed Pods Frameworks */,
				4D26578DB429F4FED7F3303E /* [CP] Copy Pods Resources */,
			);
			buildRules = (
			);
			dependencies = (
			);
			name = facebookfeed2;
			productName = facebookfeed2;
			productReference = C7A85F301C78C137007E9A00 /* facebookfeed2.app */;
			productType = "com.apple.product-type.application";
		};
/* End PBXNativeTarget section */

/* Begin PBXProject section */
		C7A85F281C78C137007E9A00 /* Project object */ = {
			isa = PBXProject;
			attributes = {
				LastSwiftUpdateCheck = 0720;
				LastUpgradeCheck = 0720;
				ORGANIZATIONNAME = challenge;
				TargetAttributes = {
					C7A85F2F1C78C137007E9A00 = {
						CreatedOnToolsVersion = 7.2;
						DevelopmentTeam = BYSD94TYHS;
						LastSwiftMigration = 0820;
						ProvisioningStyle = Automatic;
						SystemCapabilities = {
							com.apple.Keychain = {
								enabled = 1;
							};
							com.apple.WAC = {
								enabled = 1;
							};
						};
					};
				};
			};
			buildConfigurationList = C7A85F2B1C78C137007E9A00 /* Build configuration list for PBXProject "challenge" */;
			compatibilityVersion = "Xcode 3.2";
			developmentRegion = English;
			hasScannedForEncodings = 0;
			knownRegions = (
				en,
				Base,
			);
			mainGroup = C7A85F271C78C137007E9A00;
			productRefGroup = C7A85F311C78C137007E9A00 /* Products */;
			projectDirPath = "";
			projectReferences = (
				{
					ProductGroup = A1D8871220405A9600E45A1B /* Products */;
					ProjectRef = A1D8871120405A9600E45A1B /* Pods.xcodeproj */;
				},
			);
			projectRoot = "";
			targets = (
				C7A85F2F1C78C137007E9A00 /* facebookfeed2 */,
			);
		};
/* End PBXProject section */

/* Begin PBXReferenceProxy section */
		A1D8871920405A9700E45A1B /* Bolts.framework */ = {
			isa = PBXReferenceProxy;
			fileType = wrapper.framework;
			path = Bolts.framework;
			remoteRef = A1D8871820405A9700E45A1B /* PBXContainerItemProxy */;
			sourceTree = BUILT_PRODUCTS_DIR;
		};
		A1D8871B20405A9700E45A1B /* FBSDKCoreKit.framework */ = {
			isa = PBXReferenceProxy;
			fileType = wrapper.framework;
			path = FBSDKCoreKit.framework;
			remoteRef = A1D8871A20405A9700E45A1B /* PBXContainerItemProxy */;
			sourceTree = BUILT_PRODUCTS_DIR;
		};
		A1D8871D20405A9700E45A1B /* FBSDKLoginKit.framework */ = {
			isa = PBXReferenceProxy;
			fileType = wrapper.framework;
			path = FBSDKLoginKit.framework;
			remoteRef = A1D8871C20405A9700E45A1B /* PBXContainerItemProxy */;
			sourceTree = BUILT_PRODUCTS_DIR;
		};
		A1D8871F20405A9700E45A1B /* Pods_facebookfeed2.framework */ = {
			isa = PBXReferenceProxy;
			fileType = wrapper.framework;
			path = Pods_facebookfeed2.framework;
			remoteRef = A1D8871E20405A9700E45A1B /* PBXContainerItemProxy */;
			sourceTree = BUILT_PRODUCTS_DIR;
		};
/* End PBXReferenceProxy section */

/* Begin PBXResourcesBuildPhase section */
		C7A85F2E1C78C137007E9A00 /* Resources */ = {
			isa = PBXResourcesBuildPhase;
			buildActionMask = 2147483647;
			files = (
				C7A85F3E1C78C137007E9A00 /* LaunchScreen.storyboard in Resources */,
				C780A7B21C88C582007023FD /* single_post.json in Resources */,
				C7A85F3B1C78C137007E9A00 /* Assets.xcassets in Resources */,
				C780A7B41C88CEFB007023FD /* all_posts.json in Resources */,
			);
			runOnlyForDeploymentPostprocessing = 0;
		};
/* End PBXResourcesBuildPhase section */

/* Begin PBXShellScriptBuildPhase section */
		49551CC512FE5D28774793DD /* [CP] Embed Pods Frameworks */ = {
			isa = PBXShellScriptBuildPhase;
			buildActionMask = 12;
			files = (
			);
			inputPaths = (
				"${SRCROOT}/Pods/Target Support Files/Pods-facebookfeed2/Pods-facebookfeed2-frameworks.sh",
				"${BUILT_PRODUCTS_DIR}/Bolts/Bolts.framework",
				"${BUILT_PRODUCTS_DIR}/FBSDKCoreKit/FBSDKCoreKit.framework",
				"${BUILT_PRODUCTS_DIR}/FBSDKLoginKit/FBSDKLoginKit.framework",
			);
			name = "[CP] Embed Pods Frameworks";
			outputPaths = (
				"${TARGET_BUILD_DIR}/${FRAMEWORKS_FOLDER_PATH}/Bolts.framework",
				"${TARGET_BUILD_DIR}/${FRAMEWORKS_FOLDER_PATH}/FBSDKCoreKit.framework",
				"${TARGET_BUILD_DIR}/${FRAMEWORKS_FOLDER_PATH}/FBSDKLoginKit.framework",
			);
			runOnlyForDeploymentPostprocessing = 0;
			shellPath = /bin/sh;
			shellScript = "\"${SRCROOT}/Pods/Target Support Files/Pods-facebookfeed2/Pods-facebookfeed2-frameworks.sh\"\n";
			showEnvVarsInLog = 0;
		};
		4D26578DB429F4FED7F3303E /* [CP] Copy Pods Resources */ = {
			isa = PBXShellScriptBuildPhase;
			buildActionMask = 12;
			files = (
			);
			inputPaths = (
			);
			name = "[CP] Copy Pods Resources";
			outputPaths = (
			);
			runOnlyForDeploymentPostprocessing = 0;
			shellPath = /bin/sh;
			shellScript = "\"${SRCROOT}/Pods/Target Support Files/Pods-facebookfeed2/Pods-facebookfeed2-resources.sh\"\n";
			showEnvVarsInLog = 0;
		};
		9C832D20D9D4B280B0F44C22 /* [CP] Check Pods Manifest.lock */ = {
			isa = PBXShellScriptBuildPhase;
			buildActionMask = 8;
			files = (
			);
			inputPaths = (
				"${PODS_PODFILE_DIR_PATH}/Podfile.lock",
				"${PODS_ROOT}/Manifest.lock",
			);
			name = "[CP] Check Pods Manifest.lock";
			outputPaths = (
				"$(DERIVED_FILE_DIR)/Pods-facebookfeed2-checkManifestLockResult.txt",
			);
			runOnlyForDeploymentPostprocessing = 1;
			shellPath = /bin/sh;
			shellScript = "diff \"${PODS_PODFILE_DIR_PATH}/Podfile.lock\" \"${PODS_ROOT}/Manifest.lock\" > /dev/null\nif [ $? != 0 ] ; then\n    # print error to STDERR\n    echo \"error: The sandbox is not in sync with the Podfile.lock. Run 'pod install' or update your CocoaPods installation.\" >&2\n    exit 1\nfi\n# This output is used by Xcode 'outputs' to avoid re-running this script phase.\necho \"SUCCESS\" > \"${SCRIPT_OUTPUT_FILE_0}\"\n";
			showEnvVarsInLog = 0;
		};
/* End PBXShellScriptBuildPhase section */

/* Begin PBXSourcesBuildPhase section */
		C7A85F2C1C78C137007E9A00 /* Sources */ = {
			isa = PBXSourcesBuildPhase;
			buildActionMask = 2147483647;
			files = (
				C7A85F361C78C137007E9A00 /* ChallengesController.swift in Sources */,
				A113ABFC203BE01B006E99F1 /* AddChallengeController.swift in Sources */,
				A17DA77F206A9944005BCC2C /* SelectionTableViewController.swift in Sources */,
				C7A85F341C78C137007E9A00 /* AppDelegate.swift in Sources */,
				A1274108200F38E60073BFF2 /* FacebookController.swift in Sources */,
				A138F38A204D9C4F00142231 /* Post.swift in Sources */,
				C7D879AE1C828B36008766AE /* FriendRequestController.swift in Sources */,
				A138F390204D9CD100142231 /* VersusAttendance.swift in Sources */,
				A11C823520499DDB0061A33F /* ImageService.swift in Sources */,
				A14BDFED204E5E780095875F /* AddChallengeView.swift in Sources */,
				A1D2CAB720451C9F008782D3 /* OtherView.swift in Sources */,
				A113ABFE203BE15E006E99F1 /* SelfChallangeController.swift in Sources */,
				A13C709D2043CE6E0076B989 /* FriendRequestView.swift in Sources */,
				A19BBDFC206A07D700EC7B11 /* TableViewCellContent.swift in Sources */,
				A113AC00203BE1E9006E99F1 /* OtherController.swift in Sources */,
				C7D879AC1C8289DD008766AE /* CustomTabBarController.swift in Sources */,
				A13C709B2043CE000076B989 /* ChallengeFeedCellView.swift in Sources */,
				A138F392204D9CFA00142231 /* JoinAttendance.swift in Sources */,
			);
			runOnlyForDeploymentPostprocessing = 0;
		};
/* End PBXSourcesBuildPhase section */

/* Begin PBXVariantGroup section */
		C7A85F3C1C78C137007E9A00 /* LaunchScreen.storyboard */ = {
			isa = PBXVariantGroup;
			children = (
				C7A85F3D1C78C137007E9A00 /* Base */,
			);
			name = LaunchScreen.storyboard;
			sourceTree = "<group>";
		};
/* End PBXVariantGroup section */

/* Begin XCBuildConfiguration section */
		C7A85F401C78C137007E9A00 /* Debug */ = {
			isa = XCBuildConfiguration;
			buildSettings = {
				ALWAYS_SEARCH_USER_PATHS = NO;
				CLANG_CXX_LANGUAGE_STANDARD = "gnu++0x";
				CLANG_CXX_LIBRARY = "libc++";
				CLANG_ENABLE_MODULES = YES;
				CLANG_ENABLE_OBJC_ARC = YES;
				CLANG_WARN_BOOL_CONVERSION = YES;
				CLANG_WARN_CONSTANT_CONVERSION = YES;
				CLANG_WARN_DIRECT_OBJC_ISA_USAGE = YES_ERROR;
				CLANG_WARN_EMPTY_BODY = YES;
				CLANG_WARN_ENUM_CONVERSION = YES;
				CLANG_WARN_INT_CONVERSION = YES;
				CLANG_WARN_OBJC_ROOT_CLASS = YES_ERROR;
				CLANG_WARN_UNREACHABLE_CODE = YES;
				CLANG_WARN__DUPLICATE_METHOD_MATCH = YES;
				"CODE_SIGN_IDENTITY[sdk=iphoneos*]" = "";
				COPY_PHASE_STRIP = NO;
				DEBUG_INFORMATION_FORMAT = dwarf;
				ENABLE_STRICT_OBJC_MSGSEND = YES;
				ENABLE_TESTABILITY = YES;
				GCC_C_LANGUAGE_STANDARD = gnu99;
				GCC_DYNAMIC_NO_PIC = NO;
				GCC_NO_COMMON_BLOCKS = YES;
				GCC_OPTIMIZATION_LEVEL = 0;
				GCC_PREPROCESSOR_DEFINITIONS = (
					"DEBUG=1",
					"$(inherited)",
				);
				GCC_WARN_64_TO_32_BIT_CONVERSION = YES;
				GCC_WARN_ABOUT_RETURN_TYPE = YES_ERROR;
				GCC_WARN_UNDECLARED_SELECTOR = YES;
				GCC_WARN_UNINITIALIZED_AUTOS = YES_AGGRESSIVE;
				GCC_WARN_UNUSED_FUNCTION = YES;
				GCC_WARN_UNUSED_VARIABLE = YES;
				IPHONEOS_DEPLOYMENT_TARGET = 11.2;
				MTL_ENABLE_DEBUG_INFO = YES;
				ONLY_ACTIVE_ARCH = NO;
				PRODUCT_NAME = Challenge;
				SDKROOT = iphoneos;
				SWIFT_OPTIMIZATION_LEVEL = "-Onone";
				TARGETED_DEVICE_FAMILY = "1,2";
			};
			name = Debug;
		};
		C7A85F411C78C137007E9A00 /* Release */ = {
			isa = XCBuildConfiguration;
			buildSettings = {
				ALWAYS_SEARCH_USER_PATHS = NO;
				CLANG_CXX_LANGUAGE_STANDARD = "gnu++0x";
				CLANG_CXX_LIBRARY = "libc++";
				CLANG_ENABLE_MODULES = YES;
				CLANG_ENABLE_OBJC_ARC = YES;
				CLANG_WARN_BOOL_CONVERSION = YES;
				CLANG_WARN_CONSTANT_CONVERSION = YES;
				CLANG_WARN_DIRECT_OBJC_ISA_USAGE = YES_ERROR;
				CLANG_WARN_EMPTY_BODY = YES;
				CLANG_WARN_ENUM_CONVERSION = YES;
				CLANG_WARN_INT_CONVERSION = YES;
				CLANG_WARN_OBJC_ROOT_CLASS = YES_ERROR;
				CLANG_WARN_UNREACHABLE_CODE = YES;
				CLANG_WARN__DUPLICATE_METHOD_MATCH = YES;
				"CODE_SIGN_IDENTITY[sdk=iphoneos*]" = "";
				COPY_PHASE_STRIP = NO;
				DEBUG_INFORMATION_FORMAT = "dwarf-with-dsym";
				ENABLE_NS_ASSERTIONS = NO;
				ENABLE_STRICT_OBJC_MSGSEND = YES;
				GCC_C_LANGUAGE_STANDARD = gnu99;
				GCC_NO_COMMON_BLOCKS = YES;
				GCC_WARN_64_TO_32_BIT_CONVERSION = YES;
				GCC_WARN_ABOUT_RETURN_TYPE = YES_ERROR;
				GCC_WARN_UNDECLARED_SELECTOR = YES;
				GCC_WARN_UNINITIALIZED_AUTOS = YES_AGGRESSIVE;
				GCC_WARN_UNUSED_FUNCTION = YES;
				GCC_WARN_UNUSED_VARIABLE = YES;
				IPHONEOS_DEPLOYMENT_TARGET = 11.2;
				MTL_ENABLE_DEBUG_INFO = NO;
				PRODUCT_NAME = Challenge;
				SDKROOT = iphoneos;
				TARGETED_DEVICE_FAMILY = "1,2";
				VALIDATE_PRODUCT = NO;
			};
			name = Release;
		};
		C7A85F431C78C137007E9A00 /* Debug */ = {
			isa = XCBuildConfiguration;
			baseConfigurationReference = EFA45848BA61777248D55379 /* Pods-facebookfeed2.debug.xcconfig */;
			buildSettings = {
				ASSETCATALOG_COMPILER_APPICON_NAME = AppIcon;
				CODE_SIGN_ENTITLEMENTS = facebookfeed2/facebookfeed2.entitlements;
				"CODE_SIGN_IDENTITY[sdk=iphoneos*]" = "iPhone Developer";
				CODE_SIGN_STYLE = Automatic;
				DEVELOPMENT_TEAM = BYSD94TYHS;
				FRAMEWORK_SEARCH_PATHS = "$(inherited)";
				INFOPLIST_FILE = facebookfeed2/Info.plist;
				LD_RUNPATH_SEARCH_PATHS = "$(inherited) @executable_path/Frameworks";
				PRODUCT_BUNDLE_IDENTIFIER = com.chl.challenge;
				PRODUCT_NAME = "$(TARGET_NAME)";
				PROVISIONING_PROFILE_SPECIFIER = "";
				SWIFT_VERSION = 3.0;
			};
			name = Debug;
		};
		C7A85F441C78C137007E9A00 /* Release */ = {
			isa = XCBuildConfiguration;
			baseConfigurationReference = 976BF351127C8F413F3EEBE3 /* Pods-facebookfeed2.release.xcconfig */;
			buildSettings = {
				ASSETCATALOG_COMPILER_APPICON_NAME = AppIcon;
				CODE_SIGN_ENTITLEMENTS = facebookfeed2/facebookfeed2.entitlements;
				"CODE_SIGN_IDENTITY[sdk=iphoneos*]" = "iPhone Developer";
				CODE_SIGN_STYLE = Automatic;
				DEVELOPMENT_TEAM = BYSD94TYHS;
				FRAMEWORK_SEARCH_PATHS = "$(inherited)";
				INFOPLIST_FILE = facebookfeed2/Info.plist;
				LD_RUNPATH_SEARCH_PATHS = "$(inherited) @executable_path/Frameworks";
				PRODUCT_BUNDLE_IDENTIFIER = com.chl.challenge;
				PRODUCT_NAME = "$(TARGET_NAME)";
				PROVISIONING_PROFILE_SPECIFIER = "";
				SWIFT_VERSION = 3.0;
			};
			name = Release;
		};
/* End XCBuildConfiguration section */

/* Begin XCConfigurationList section */
		C7A85F2B1C78C137007E9A00 /* Build configuration list for PBXProject "challenge" */ = {
			isa = XCConfigurationList;
			buildConfigurations = (
				C7A85F401C78C137007E9A00 /* Debug */,
				C7A85F411C78C137007E9A00 /* Release */,
			);
			defaultConfigurationIsVisible = 0;
			defaultConfigurationName = Release;
		};
		C7A85F421C78C137007E9A00 /* Build configuration list for PBXNativeTarget "facebookfeed2" */ = {
			isa = XCConfigurationList;
			buildConfigurations = (
				C7A85F431C78C137007E9A00 /* Debug */,
				C7A85F441C78C137007E9A00 /* Release */,
			);
			defaultConfigurationIsVisible = 0;
			defaultConfigurationName = Release;
		};
/* End XCConfigurationList section */
	};
	rootObject = C7A85F281C78C137007E9A00 /* Project object */;
}
